
Microsoft Visual Studio Solution File, Format Version 12.00
# Visual Studio Version 17
VisualStudioVersion = 17.0.31903.59
MinimumVisualStudioVersion = 10.0.40219.1
Project("{2150E333-8FDC-42A3-9474-1A3956D46DE8}") = "src", "src", "{827E0CD3-B72D-47B6-A68D-7590B98EB39B}"
EndProject
Project("{FAE04EC0-301F-11D3-BF4B-00C04F79EFBC}") = "NotificationHub.Abstractions", "src\NotificationHub.Abstractions\NotificationHub.Abstractions.csproj", "{40047BE0-D633-464C-8241-240B178691E6}"
EndProject
Project("{FAE04EC0-301F-11D3-BF4B-00C04F79EFBC}") = "NotificationHub.Core", "src\NotificationHub.Core\NotificationHub.Core.csproj", "{982285B6-7597-436B-B728-AEBC18C1129A}"
EndProject
Project("{FAE04EC0-301F-11D3-BF4B-00C04F79EFBC}") = "NotificationHub.Host", "src\NotificationHub.Host\NotificationHub.Host.csproj", "{B10F2C55-A993-4FF7-9C28-CA3A8393D51C}"
EndProject
Project("{FAE04EC0-301F-11D3-BF4B-00C04F79EFBC}") = "NotificationHub.Sdk", "src\NotificationHub.Sdk\NotificationHub.Sdk.csproj", "{0DBEAF11-F260-4005-9704-24848362D244}"
EndProject
Project("{2150E333-8FDC-42A3-9474-1A3956D46DE8}") = "Plugins", "Plugins", "{07D57EEB-2F50-60C4-C011-FE4FA775C9A8}"
EndProject
Project("{FAE04EC0-301F-11D3-BF4B-00C04F79EFBC}") = "NotificationHub.Plugins.Email.SendGrid", "Plugins\NotificationHub.Plugins.Email.SendGrid\NotificationHub.Plugins.Email.SendGrid.csproj", "{1483E951-3A90-4E93-A31F-23DFB3391187}"
EndProject
Project("{FAE04EC0-301F-11D3-BF4B-00C04F79EFBC}") = "NotificationHub.Plugins.Sms.Twilio", "Plugins\NotificationHub.Plugins.Sms.Twilio\NotificationHub.Plugins.Sms.Twilio.csproj", "{8ED50553-56C9-4515-A655-754F9FAB9C5D}"
EndProject
Global
	GlobalSection(SolutionConfigurationPlatforms) = preSolution
		Debug|Any CPU = Debug|Any CPU
		Debug|x64 = Debug|x64
		Debug|x86 = Debug|x86
		Release|Any CPU = Release|Any CPU
		Release|x64 = Release|x64
		Release|x86 = Release|x86
	EndGlobalSection
	GlobalSection(ProjectConfigurationPlatforms) = postSolution
		{40047BE0-D633-464C-8241-240B178691E6}.Debug|Any CPU.ActiveCfg = Debug|Any CPU
		{40047BE0-D633-464C-8241-240B178691E6}.Debug|Any CPU.Build.0 = Debug|Any CPU
		{40047BE0-D633-464C-8241-240B178691E6}.Debug|x64.ActiveCfg = Debug|Any CPU
		{40047BE0-D633-464C-8241-240B178691E6}.Debug|x64.Build.0 = Debug|Any CPU
		{40047BE0-D633-464C-8241-240B178691E6}.Debug|x86.ActiveCfg = Debug|Any CPU
		{40047BE0-D633-464C-8241-240B178691E6}.Debug|x86.Build.0 = Debug|Any CPU
		{40047BE0-D633-464C-8241-240B178691E6}.Release|Any CPU.ActiveCfg = Release|Any CPU
		{40047BE0-D633-464C-8241-240B178691E6}.Release|Any CPU.Build.0 = Release|Any CPU
		{40047BE0-D633-464C-8241-240B178691E6}.Release|x64.ActiveCfg = Release|Any CPU
		{40047BE0-D633-464C-8241-240B178691E6}.Release|x64.Build.0 = Release|Any CPU
		{40047BE0-D633-464C-8241-240B178691E6}.Release|x86.ActiveCfg = Release|Any CPU
		{40047BE0-D633-464C-8241-240B178691E6}.Release|x86.Build.0 = Release|Any CPU
		{982285B6-7597-436B-B728-AEBC18C1129A}.Debug|Any CPU.ActiveCfg = Debug|Any CPU
		{982285B6-7597-436B-B728-AEBC18C1129A}.Debug|Any CPU.Build.0 = Debug|Any CPU
		{982285B6-7597-436B-B728-AEBC18C1129A}.Debug|x64.ActiveCfg = Debug|Any CPU
		{982285B6-7597-436B-B728-AEBC18C1129A}.Debug|x64.Build.0 = Debug|Any CPU
		{982285B6-7597-436B-B728-AEBC18C1129A}.Debug|x86.ActiveCfg = Debug|Any CPU
		{982285B6-7597-436B-B728-AEBC18C1129A}.Debug|x86.Build.0 = Debug|Any CPU
		{982285B6-7597-436B-B728-AEBC18C1129A}.Release|Any CPU.ActiveCfg = Release|Any CPU
		{982285B6-7597-436B-B728-AEBC18C1129A}.Release|Any CPU.Build.0 = Release|Any CPU
		{982285B6-7597-436B-B728-AEBC18C1129A}.Release|x64.ActiveCfg = Release|Any CPU
		{982285B6-7597-436B-B728-AEBC18C1129A}.Release|x64.Build.0 = Release|Any CPU
		{982285B6-7597-436B-B728-AEBC18C1129A}.Release|x86.ActiveCfg = Release|Any CPU
		{982285B6-7597-436B-B728-AEBC18C1129A}.Release|x86.Build.0 = Release|Any CPU
		{B10F2C55-A993-4FF7-9C28-CA3A8393D51C}.Debug|Any CPU.ActiveCfg = Debug|Any CPU
		{B10F2C55-A993-4FF7-9C28-CA3A8393D51C}.Debug|Any CPU.Build.0 = Debug|Any CPU
		{B10F2C55-A993-4FF7-9C28-CA3A8393D51C}.Debug|x64.ActiveCfg = Debug|Any CPU
		{B10F2C55-A993-4FF7-9C28-CA3A8393D51C}.Debug|x64.Build.0 = Debug|Any CPU
		{B10F2C55-A993-4FF7-9C28-CA3A8393D51C}.Debug|x86.ActiveCfg = Debug|Any CPU
		{B10F2C55-A993-4FF7-9C28-CA3A8393D51C}.Debug|x86.Build.0 = Debug|Any CPU
		{B10F2C55-A993-4FF7-9C28-CA3A8393D51C}.Release|Any CPU.ActiveCfg = Release|Any CPU
		{B10F2C55-A993-4FF7-9C28-CA3A8393D51C}.Release|Any CPU.Build.0 = Release|Any CPU
		{B10F2C55-A993-4FF7-9C28-CA3A8393D51C}.Release|x64.ActiveCfg = Release|Any CPU
		{B10F2C55-A993-4FF7-9C28-CA3A8393D51C}.Release|x64.Build.0 = Release|Any CPU
		{B10F2C55-A993-4FF7-9C28-CA3A8393D51C}.Release|x86.ActiveCfg = Release|Any CPU
		{B10F2C55-A993-4FF7-9C28-CA3A8393D51C}.Release|x86.Build.0 = Release|Any CPU
		{0DBEAF11-F260-4005-9704-24848362D244}.Debug|Any CPU.ActiveCfg = Debug|Any CPU
		{0DBEAF11-F260-4005-9704-24848362D244}.Debug|Any CPU.Build.0 = Debug|Any CPU
		{0DBEAF11-F260-4005-9704-24848362D244}.Debug|x64.ActiveCfg = Debug|Any CPU
		{0DBEAF11-F260-4005-9704-24848362D244}.Debug|x64.Build.0 = Debug|Any CPU
		{0DBEAF11-F260-4005-9704-24848362D244}.Debug|x86.ActiveCfg = Debug|Any CPU
		{0DBEAF11-F260-4005-9704-24848362D244}.Debug|x86.Build.0 = Debug|Any CPU
		{0DBEAF11-F260-4005-9704-24848362D244}.Release|Any CPU.ActiveCfg = Release|Any CPU
		{0DBEAF11-F260-4005-9704-24848362D244}.Release|Any CPU.Build.0 = Release|Any CPU
		{0DBEAF11-F260-4005-9704-24848362D244}.Release|x64.ActiveCfg = Release|Any CPU
		{0DBEAF11-F260-4005-9704-24848362D244}.Release|x64.Build.0 = Release|Any CPU
		{0DBEAF11-F260-4005-9704-24848362D244}.Release|x86.ActiveCfg = Release|Any CPU
		{0DBEAF11-F260-4005-9704-24848362D244}.Release|x86.Build.0 = Release|Any CPU
		{1483E951-3A90-4E93-A31F-23DFB3391187}.Debug|Any CPU.ActiveCfg = Debug|Any CPU
		{1483E951-3A90-4E93-A31F-23DFB3391187}.Debug|Any CPU.Build.0 = Debug|Any CPU
		{1483E951-3A90-4E93-A31F-23DFB3391187}.Debug|x64.ActiveCfg = Debug|Any CPU
		{1483E951-3A90-4E93-A31F-23DFB3391187}.Debug|x64.Build.0 = Debug|Any CPU
		{1483E951-3A90-4E93-A31F-23DFB3391187}.Debug|x86.ActiveCfg = Debug|Any CPU
		{1483E951-3A90-4E93-A31F-23DFB3391187}.Debug|x86.Build.0 = Debug|Any CPU
		{1483E951-3A90-4E93-A31F-23DFB3391187}.Release|Any CPU.ActiveCfg = Release|Any CPU
		{1483E951-3A90-4E93-A31F-23DFB3391187}.Release|Any CPU.Build.0 = Release|Any CPU
		{1483E951-3A90-4E93-A31F-23DFB3391187}.Release|x64.ActiveCfg = Release|Any CPU
		{1483E951-3A90-4E93-A31F-23DFB3391187}.Release|x64.Build.0 = Release|Any CPU
		{1483E951-3A90-4E93-A31F-23DFB3391187}.Release|x86.ActiveCfg = Release|Any CPU
		{1483E951-3A90-4E93-A31F-23DFB3391187}.Release|x86.Build.0 = Release|Any CPU
		{8ED50553-56C9-4515-A655-754F9FAB9C5D}.Debug|Any CPU.ActiveCfg = Debug|Any CPU
		{8ED50553-56C9-4515-A655-754F9FAB9C5D}.Debug|Any CPU.Build.0 = Debug|Any CPU
		{8ED50553-56C9-4515-A655-754F9FAB9C5D}.Debug|x64.ActiveCfg = Debug|Any CPU
		{8ED50553-56C9-4515-A655-754F9FAB9C5D}.Debug|x64.Build.0 = Debug|Any CPU
		{8ED50553-56C9-4515-A655-754F9FAB9C5D}.Debug|x86.ActiveCfg = Debug|Any CPU
		{8ED50553-56C9-4515-A655-754F9FAB9C5D}.Debug|x86.Build.0 = Debug|Any CPU
		{8ED50553-56C9-4515-A655-754F9FAB9C5D}.Release|Any CPU.ActiveCfg = Release|Any CPU
		{8ED50553-56C9-4515-A655-754F9FAB9C5D}.Release|Any CPU.Build.0 = Release|Any CPU
		{8ED50553-56C9-4515-A655-754F9FAB9C5D}.Release|x64.ActiveCfg = Release|Any CPU
		{8ED50553-56C9-4515-A655-754F9FAB9C5D}.Release|x64.Build.0 = Release|Any CPU
		{8ED50553-56C9-4515-A655-754F9FAB9C5D}.Release|x86.ActiveCfg = Release|Any CPU
		{8ED50553-56C9-4515-A655-754F9FAB9C5D}.Release|x86.Build.0 = Release|Any CPU
	EndGlobalSection
	GlobalSection(SolutionProperties) = preSolution
		HideSolutionNode = FALSE
	EndGlobalSection
	GlobalSection(NestedProjects) = preSolution
		{40047BE0-D633-464C-8241-240B178691E6} = {827E0CD3-B72D-47B6-A68D-7590B98EB39B}
		{982285B6-7597-436B-B728-AEBC18C1129A} = {827E0CD3-B72D-47B6-A68D-7590B98EB39B}
		{B10F2C55-A993-4FF7-9C28-CA3A8393D51C} = {827E0CD3-B72D-47B6-A68D-7590B98EB39B}
		{0DBEAF11-F260-4005-9704-24848362D244} = {827E0CD3-B72D-47B6-A68D-7590B98EB39B}
		{1483E951-3A90-4E93-A31F-23DFB3391187} = {07D57EEB-2F50-60C4-C011-FE4FA775C9A8}
		{8ED50553-56C9-4515-A655-754F9FAB9C5D} = {07D57EEB-2F50-60C4-C011-FE4FA775C9A8}
	EndGlobalSection
EndGlobal
