
Microsoft Visual Studio Solution File, Format Version 12.00
# Visual Studio Version 17
VisualStudioVersion = 17.0.31903.59
MinimumVisualStudioVersion = 10.0.40219.1
Project("{2150E333-8FDC-42A3-9474-1A3956D46DE8}") = "src", "src", "{827E0CD3-B72D-47B6-A68D-7590B98EB39B}"
EndProject
Project("{FAE04EC0-301F-11D3-BF4B-00C04F79EFBC}") = "NotificationHub.Abstractions", "src\NotificationHub.Abstractions\NotificationHub.Abstractions.csproj", "{40047BE0-D633-464C-8241-240B178691E6}"
EndProject
Project("{FAE04EC0-301F-11D3-BF4B-00C04F79EFBC}") = "NotificationHub.Core", "src\NotificationHub.Core\NotificationHub.Core.csproj", "{982285B6-7597-436B-B728-AEBC18C1129A}"
EndProject
Project("{FAE04EC0-301F-11D3-BF4B-00C04F79EFBC}") = "NotificationHub.Host", "src\NotificationHub.Host\NotificationHub.Host.csproj", "{B10F2C55-A993-4FF7-9C28-CA3A8393D51C}"
EndProject
Project("{FAE04EC0-301F-11D3-BF4B-00C04F79EFBC}") = "NotificationHub.Sdk", "src\NotificationHub.Sdk\NotificationHub.Sdk.csproj", "{0DBEAF11-F260-4005-9704-24848362D244}"
EndProject
Project("{2150E333-8FDC-42A3-9474-1A3956D46DE8}") = "Plugins", "Plugins", "{07D57EEB-2F50-60C4-C011-FE4FA775C9A8}"
EndProject
Project("{FAE04EC0-301F-11D3-BF4B-00C04F79EFBC}") = "NotificationHub.Plugins.Email.SendGrid", "Plugins\NotificationHub.Plugins.Email.SendGrid\NotificationHub.Plugins.Email.SendGrid.csproj", "{1483E951-3A90-4E93-A31F-23DFB3391187}"
EndProject
Project("{FAE04EC0-301F-11D3-BF4B-00C04F79EFBC}") = "NotificationHub.Plugins.Email.Smtp", "Plugins\NotificationHub.Plugins.Email.Smtp\NotificationHub.Plugins.Email.Smtp.csproj", "{0F94A7D1-9E1E-4F3F-883A-A4FA10104A31}"
EndProject
Project("{FAE04EC0-301F-11D3-BF4B-00C04F79EFBC}") = "NotificationHub.Plugins.Sms.Kavenegar", "Plugins\NotificationHub.Plugins.Sms.Kavenegar\NotificationHub.Plugins.Sms.Kavenegar.csproj", "{A82EDED1-CE12-413B-A996-E98B98AD681D}"
EndProject
Project("{FAE04EC0-301F-11D3-BF4B-00C04F79EFBC}") = "NotificationHub.Plugins.Sms.SmsIr", "Plugins\NotificationHub.Plugins.Sms.SmsIr\NotificationHub.Plugins.Sms.SmsIr.csproj", "{5BC8944D-75A9-4FCB-A4AF-1E730664D19C}"
EndProject
Project("{2150E333-8FDC-42A3-9474-1A3956D46DE8}") = "tests", "tests", "{0AB3BF05-4346-4AA6-1389-037BE0695223}"
EndProject
Project("{FAE04EC0-301F-11D3-BF4B-00C04F79EFBC}") = "NotificationHub.Core.Tests", "tests\NotificationHub.Core.Tests\NotificationHub.Core.Tests.csproj", "{7EAF7AAF-0033-4233-B6FF-58FAAA6D29D0}"
EndProject
Project("{FAE04EC0-301F-11D3-BF4B-00C04F79EFBC}") = "NotificationHub.Plugins.InApp", "Plugins\NotificationHub.Plugins.InApp\NotificationHub.Plugins.InApp.csproj", "{F4DCC0EA-3DF9-43C4-A008-C22ECDECCE12}"
EndProject
Project("{FAE04EC0-301F-11D3-BF4B-00C04F79EFBC}") = "NotificationHub.Plugins.Chat.Slack", "Plugins\NotificationHub.Plugins.Chat.Slack\NotificationHub.Plugins.Chat.Slack.csproj", "{A1E0CC96-F4D7-41E5-9626-B7B37D42ACF2}"
EndProject
Project("{FAE04EC0-301F-11D3-BF4B-00C04F79EFBC}") = "NotificationHub.Plugins.Chat.WhatsApp", "Plugins\NotificationHub.Plugins.Chat.WhatsApp\NotificationHub.Plugins.Chat.WhatsApp.csproj", "{42EB539B-8311-4174-A153-2D2027084AF8}"
EndProject
Project("{FAE04EC0-301F-11D3-BF4B-00C04F79EFBC}") = "NotificationHub.Plugins.Push.Fcm", "Plugins\NotificationHub.Plugins.Push.Fcm\NotificationHub.Plugins.Push.Fcm.csproj", "{C4F34B5B-8B3D-4F72-A44D-8FCA329CFB86}"
EndProject
Project("{2150E333-8FDC-42A3-9474-1A3956D46DE8}") = "tools", "tools", "{07C2787E-EAC7-C090-1BA3-A61EC2A24D84}"
EndProject
Project("{2150E333-8FDC-42A3-9474-1A3956D46DE8}") = "loadtest", "loadtest", "{C1EA0D2F-032A-7C62-A8DA-5A14D5DDC863}"
EndProject
Project("{FAE04EC0-301F-11D3-BF4B-00C04F79EFBC}") = "NotificationHub.LoadTest", "tools\loadtest\NotificationHub.LoadTest.csproj", "{9E759D92-CE07-4E14-A85B-E1DF00709EF4}"
EndProject
Project("{FAE04EC0-301F-11D3-BF4B-00C04F79EFBC}") = "NotificationHub.Plugins.Chat.Telegram", "Plugins\NotificationHub.Plugins.Chat.Telegram\NotificationHub.Plugins.Chat.Telegram.csproj", "{553C0FCB-A518-4289-9E38-C3D14DE0C7DE}"
EndProject
Project("{FAE04EC0-301F-11D3-BF4B-00C04F79EFBC}") = "NotificationHub.Plugins.Chat.Discord", "Plugins\NotificationHub.Plugins.Chat.Discord\NotificationHub.Plugins.Chat.Discord.csproj", "{F4831CF1-0FB0-48B1-9CE8-F764D41148CA}"
EndProject
Project("{FAE04EC0-301F-11D3-BF4B-00C04F79EFBC}") = "NotificationHub.Plugins.Chat.Teams", "Plugins\NotificationHub.Plugins.Chat.Teams\NotificationHub.Plugins.Chat.Teams.csproj", "{2038E930-BD37-4268-B336-74F2308FD9EA}"
EndProject
Project("{FAE04EC0-301F-11D3-BF4B-00C04F79EFBC}") = "NotificationHub.Plugins.Sms.Twilio", "Plugins\NotificationHub.Plugins.Sms.Twilio\NotificationHub.Plugins.Sms.Twilio.csproj", "{72E9B788-7412-487C-AB5A-7712935E8C1A}"
EndProject
Project("{FAE04EC0-301F-11D3-BF4B-00C04F79EFBC}") = "NotificationHub.Plugins.Email.Resend", "Plugins\NotificationHub.Plugins.Email.Resend\NotificationHub.Plugins.Email.Resend.csproj", "{5E980BF8-60A8-4E3D-9439-E62A5CE83630}"
EndProject
Project("{FAE04EC0-301F-11D3-BF4B-00C04F79EFBC}") = "NotificationHub.Plugins.Email.Ses", "Plugins\NotificationHub.Plugins.Email.Ses\NotificationHub.Plugins.Email.Ses.csproj", "{7503C321-D432-4E57-AE43-127BA7A06D9A}"
EndProject
Project("{FAE04EC0-301F-11D3-BF4B-00C04F79EFBC}") = "NotificationHub.Plugins.Push.Expo", "Plugins\NotificationHub.Plugins.Push.Expo\NotificationHub.Plugins.Push.Expo.csproj", "{EB1C6AB6-E018-4C44-874E-6EA1628AAB7A}"
EndProject
Project("{FAE04EC0-301F-11D3-BF4B-00C04F79EFBC}") = "NotificationHub.Benchmarks", "tests\NotificationHub.Benchmarks\NotificationHub.Benchmarks.csproj", "{9B6BC90B-D82B-4854-BC38-85918173C4E9}"
EndProject
Project("{FAE04EC0-301F-11D3-BF4B-00C04F79EFBC}") = "NotificationHub.Application", "src\NotificationHub.Application\NotificationHub.Application.csproj", "{9FE3716C-CD93-41AF-B61A-10612A807C31}"
EndProject
Project("{FAE04EC0-301F-11D3-BF4B-00C04F79EFBC}") = "NotificationHub.Infrastructure", "src\NotificationHub.Infrastructure\NotificationHub.Infrastructure.csproj", "{338A1793-206A-466B-B23E-19DB523710B6}"
EndProject
Project("{FAE04EC0-301F-11D3-BF4B-00C04F79EFBC}") = "NotificationHub.Application.Tests", "tests\NotificationHub.Application.Tests\NotificationHub.Application.Tests.csproj", "{9975723D-F32B-423B-BA84-37D391CC2DA7}"
EndProject
Global
	GlobalSection(SolutionConfigurationPlatforms) = preSolution
		Debug|Any CPU = Debug|Any CPU
		Debug|x64 = Debug|x64
		Debug|x86 = Debug|x86
		Release|Any CPU = Release|Any CPU
		Release|x64 = Release|x64
		Release|x86 = Release|x86
	EndGlobalSection
	GlobalSection(ProjectConfigurationPlatforms) = postSolution
		{40047BE0-D633-464C-8241-240B178691E6}.Debug|Any CPU.ActiveCfg = Debug|Any CPU
		{40047BE0-D633-464C-8241-240B178691E6}.Debug|Any CPU.Build.0 = Debug|Any CPU
		{40047BE0-D633-464C-8241-240B178691E6}.Debug|x64.ActiveCfg = Debug|Any CPU
		{40047BE0-D633-464C-8241-240B178691E6}.Debug|x64.Build.0 = Debug|Any CPU
		{40047BE0-D633-464C-8241-240B178691E6}.Debug|x86.ActiveCfg = Debug|Any CPU
		{40047BE0-D633-464C-8241-240B178691E6}.Debug|x86.Build.0 = Debug|Any CPU
		{40047BE0-D633-464C-8241-240B178691E6}.Release|Any CPU.ActiveCfg = Release|Any CPU
		{40047BE0-D633-464C-8241-240B178691E6}.Release|Any CPU.Build.0 = Release|Any CPU
		{40047BE0-D633-464C-8241-240B178691E6}.Release|x64.ActiveCfg = Release|Any CPU
		{40047BE0-D633-464C-8241-240B178691E6}.Release|x64.Build.0 = Release|Any CPU
		{40047BE0-D633-464C-8241-240B178691E6}.Release|x86.ActiveCfg = Release|Any CPU
		{40047BE0-D633-464C-8241-240B178691E6}.Release|x86.Build.0 = Release|Any CPU
		{982285B6-7597-436B-B728-AEBC18C1129A}.Debug|Any CPU.ActiveCfg = Debug|Any CPU
		{982285B6-7597-436B-B728-AEBC18C1129A}.Debug|Any CPU.Build.0 = Debug|Any CPU
		{982285B6-7597-436B-B728-AEBC18C1129A}.Debug|x64.ActiveCfg = Debug|Any CPU
		{982285B6-7597-436B-B728-AEBC18C1129A}.Debug|x64.Build.0 = Debug|Any CPU
		{982285B6-7597-436B-B728-AEBC18C1129A}.Debug|x86.ActiveCfg = Debug|Any CPU
		{982285B6-7597-436B-B728-AEBC18C1129A}.Debug|x86.Build.0 = Debug|Any CPU
		{982285B6-7597-436B-B728-AEBC18C1129A}.Release|Any CPU.ActiveCfg = Release|Any CPU
		{982285B6-7597-436B-B728-AEBC18C1129A}.Release|Any CPU.Build.0 = Release|Any CPU
		{982285B6-7597-436B-B728-AEBC18C1129A}.Release|x64.ActiveCfg = Release|Any CPU
		{982285B6-7597-436B-B728-AEBC18C1129A}.Release|x64.Build.0 = Release|Any CPU
		{982285B6-7597-436B-B728-AEBC18C1129A}.Release|x86.ActiveCfg = Release|Any CPU
		{982285B6-7597-436B-B728-AEBC18C1129A}.Release|x86.Build.0 = Release|Any CPU
		{B10F2C55-A993-4FF7-9C28-CA3A8393D51C}.Debug|Any CPU.ActiveCfg = Debug|Any CPU
		{B10F2C55-A993-4FF7-9C28-CA3A8393D51C}.Debug|Any CPU.Build.0 = Debug|Any CPU
		{B10F2C55-A993-4FF7-9C28-CA3A8393D51C}.Debug|x64.ActiveCfg = Debug|Any CPU
		{B10F2C55-A993-4FF7-9C28-CA3A8393D51C}.Debug|x64.Build.0 = Debug|Any CPU
		{B10F2C55-A993-4FF7-9C28-CA3A8393D51C}.Debug|x86.ActiveCfg = Debug|Any CPU
		{B10F2C55-A993-4FF7-9C28-CA3A8393D51C}.Debug|x86.Build.0 = Debug|Any CPU
		{B10F2C55-A993-4FF7-9C28-CA3A8393D51C}.Release|Any CPU.ActiveCfg = Release|Any CPU
		{B10F2C55-A993-4FF7-9C28-CA3A8393D51C}.Release|Any CPU.Build.0 = Release|Any CPU
		{B10F2C55-A993-4FF7-9C28-CA3A8393D51C}.Release|x64.ActiveCfg = Release|Any CPU
		{B10F2C55-A993-4FF7-9C28-CA3A8393D51C}.Release|x64.Build.0 = Release|Any CPU
		{B10F2C55-A993-4FF7-9C28-CA3A8393D51C}.Release|x86.ActiveCfg = Release|Any CPU
		{B10F2C55-A993-4FF7-9C28-CA3A8393D51C}.Release|x86.Build.0 = Release|Any CPU
		{0DBEAF11-F260-4005-9704-24848362D244}.Debug|Any CPU.ActiveCfg = Debug|Any CPU
		{0DBEAF11-F260-4005-9704-24848362D244}.Debug|Any CPU.Build.0 = Debug|Any CPU
		{0DBEAF11-F260-4005-9704-24848362D244}.Debug|x64.ActiveCfg = Debug|Any CPU
		{0DBEAF11-F260-4005-9704-24848362D244}.Debug|x64.Build.0 = Debug|Any CPU
		{0DBEAF11-F260-4005-9704-24848362D244}.Debug|x86.ActiveCfg = Debug|Any CPU
		{0DBEAF11-F260-4005-9704-24848362D244}.Debug|x86.Build.0 = Debug|Any CPU
		{0DBEAF11-F260-4005-9704-24848362D244}.Release|Any CPU.ActiveCfg = Release|Any CPU
		{0DBEAF11-F260-4005-9704-24848362D244}.Release|Any CPU.Build.0 = Release|Any CPU
		{0DBEAF11-F260-4005-9704-24848362D244}.Release|x64.ActiveCfg = Release|Any CPU
		{0DBEAF11-F260-4005-9704-24848362D244}.Release|x64.Build.0 = Release|Any CPU
		{0DBEAF11-F260-4005-9704-24848362D244}.Release|x86.ActiveCfg = Release|Any CPU
		{0DBEAF11-F260-4005-9704-24848362D244}.Release|x86.Build.0 = Release|Any CPU
		{1483E951-3A90-4E93-A31F-23DFB3391187}.Debug|Any CPU.ActiveCfg = Debug|Any CPU
		{1483E951-3A90-4E93-A31F-23DFB3391187}.Debug|Any CPU.Build.0 = Debug|Any CPU
		{1483E951-3A90-4E93-A31F-23DFB3391187}.Debug|x64.ActiveCfg = Debug|Any CPU
		{1483E951-3A90-4E93-A31F-23DFB3391187}.Debug|x64.Build.0 = Debug|Any CPU
		{1483E951-3A90-4E93-A31F-23DFB3391187}.Debug|x86.ActiveCfg = Debug|Any CPU
		{1483E951-3A90-4E93-A31F-23DFB3391187}.Debug|x86.Build.0 = Debug|Any CPU
		{1483E951-3A90-4E93-A31F-23DFB3391187}.Release|Any CPU.ActiveCfg = Release|Any CPU
		{1483E951-3A90-4E93-A31F-23DFB3391187}.Release|Any CPU.Build.0 = Release|Any CPU
		{1483E951-3A90-4E93-A31F-23DFB3391187}.Release|x64.ActiveCfg = Release|Any CPU
		{1483E951-3A90-4E93-A31F-23DFB3391187}.Release|x64.Build.0 = Release|Any CPU
		{1483E951-3A90-4E93-A31F-23DFB3391187}.Release|x86.ActiveCfg = Release|Any CPU
		{1483E951-3A90-4E93-A31F-23DFB3391187}.Release|x86.Build.0 = Release|Any CPU
		{0F94A7D1-9E1E-4F3F-883A-A4FA10104A31}.Debug|Any CPU.ActiveCfg = Debug|Any CPU
		{0F94A7D1-9E1E-4F3F-883A-A4FA10104A31}.Debug|Any CPU.Build.0 = Debug|Any CPU
		{0F94A7D1-9E1E-4F3F-883A-A4FA10104A31}.Debug|x64.ActiveCfg = Debug|Any CPU
		{0F94A7D1-9E1E-4F3F-883A-A4FA10104A31}.Debug|x64.Build.0 = Debug|Any CPU
		{0F94A7D1-9E1E-4F3F-883A-A4FA10104A31}.Debug|x86.ActiveCfg = Debug|Any CPU
		{0F94A7D1-9E1E-4F3F-883A-A4FA10104A31}.Debug|x86.Build.0 = Debug|Any CPU
		{0F94A7D1-9E1E-4F3F-883A-A4FA10104A31}.Release|Any CPU.ActiveCfg = Release|Any CPU
		{0F94A7D1-9E1E-4F3F-883A-A4FA10104A31}.Release|Any CPU.Build.0 = Release|Any CPU
		{0F94A7D1-9E1E-4F3F-883A-A4FA10104A31}.Release|x64.ActiveCfg = Release|Any CPU
		{0F94A7D1-9E1E-4F3F-883A-A4FA10104A31}.Release|x64.Build.0 = Release|Any CPU
		{0F94A7D1-9E1E-4F3F-883A-A4FA10104A31}.Release|x86.ActiveCfg = Release|Any CPU
		{0F94A7D1-9E1E-4F3F-883A-A4FA10104A31}.Release|x86.Build.0 = Release|Any CPU
		{A82EDED1-CE12-413B-A996-E98B98AD681D}.Debug|Any CPU.ActiveCfg = Debug|Any CPU
		{A82EDED1-CE12-413B-A996-E98B98AD681D}.Debug|Any CPU.Build.0 = Debug|Any CPU
		{A82EDED1-CE12-413B-A996-E98B98AD681D}.Debug|x64.ActiveCfg = Debug|Any CPU
		{A82EDED1-CE12-413B-A996-E98B98AD681D}.Debug|x64.Build.0 = Debug|Any CPU
		{A82EDED1-CE12-413B-A996-E98B98AD681D}.Debug|x86.ActiveCfg = Debug|Any CPU
		{A82EDED1-CE12-413B-A996-E98B98AD681D}.Debug|x86.Build.0 = Debug|Any CPU
		{A82EDED1-CE12-413B-A996-E98B98AD681D}.Release|Any CPU.ActiveCfg = Release|Any CPU
		{A82EDED1-CE12-413B-A996-E98B98AD681D}.Release|Any CPU.Build.0 = Release|Any CPU
		{A82EDED1-CE12-413B-A996-E98B98AD681D}.Release|x64.ActiveCfg = Release|Any CPU
		{A82EDED1-CE12-413B-A996-E98B98AD681D}.Release|x64.Build.0 = Release|Any CPU
		{A82EDED1-CE12-413B-A996-E98B98AD681D}.Release|x86.ActiveCfg = Release|Any CPU
		{A82EDED1-CE12-413B-A996-E98B98AD681D}.Release|x86.Build.0 = Release|Any CPU
		{5BC8944D-75A9-4FCB-A4AF-1E730664D19C}.Debug|Any CPU.ActiveCfg = Debug|Any CPU
		{5BC8944D-75A9-4FCB-A4AF-1E730664D19C}.Debug|Any CPU.Build.0 = Debug|Any CPU
		{5BC8944D-75A9-4FCB-A4AF-1E730664D19C}.Debug|x64.ActiveCfg = Debug|Any CPU
		{5BC8944D-75A9-4FCB-A4AF-1E730664D19C}.Debug|x64.Build.0 = Debug|Any CPU
		{5BC8944D-75A9-4FCB-A4AF-1E730664D19C}.Debug|x86.ActiveCfg = Debug|Any CPU
		{5BC8944D-75A9-4FCB-A4AF-1E730664D19C}.Debug|x86.Build.0 = Debug|Any CPU
		{5BC8944D-75A9-4FCB-A4AF-1E730664D19C}.Release|Any CPU.ActiveCfg = Release|Any CPU
		{5BC8944D-75A9-4FCB-A4AF-1E730664D19C}.Release|Any CPU.Build.0 = Release|Any CPU
		{5BC8944D-75A9-4FCB-A4AF-1E730664D19C}.Release|x64.ActiveCfg = Release|Any CPU
		{5BC8944D-75A9-4FCB-A4AF-1E730664D19C}.Release|x64.Build.0 = Release|Any CPU
		{5BC8944D-75A9-4FCB-A4AF-1E730664D19C}.Release|x86.ActiveCfg = Release|Any CPU
		{5BC8944D-75A9-4FCB-A4AF-1E730664D19C}.Release|x86.Build.0 = Release|Any CPU
		{7EAF7AAF-0033-4233-B6FF-58FAAA6D29D0}.Debug|Any CPU.ActiveCfg = Debug|Any CPU
		{7EAF7AAF-0033-4233-B6FF-58FAAA6D29D0}.Debug|Any CPU.Build.0 = Debug|Any CPU
		{7EAF7AAF-0033-4233-B6FF-58FAAA6D29D0}.Debug|x64.ActiveCfg = Debug|Any CPU
		{7EAF7AAF-0033-4233-B6FF-58FAAA6D29D0}.Debug|x64.Build.0 = Debug|Any CPU
		{7EAF7AAF-0033-4233-B6FF-58FAAA6D29D0}.Debug|x86.ActiveCfg = Debug|Any CPU
		{7EAF7AAF-0033-4233-B6FF-58FAAA6D29D0}.Debug|x86.Build.0 = Debug|Any CPU
		{7EAF7AAF-0033-4233-B6FF-58FAAA6D29D0}.Release|Any CPU.ActiveCfg = Release|Any CPU
		{7EAF7AAF-0033-4233-B6FF-58FAAA6D29D0}.Release|Any CPU.Build.0 = Release|Any CPU
		{7EAF7AAF-0033-4233-B6FF-58FAAA6D29D0}.Release|x64.ActiveCfg = Release|Any CPU
		{7EAF7AAF-0033-4233-B6FF-58FAAA6D29D0}.Release|x64.Build.0 = Release|Any CPU
		{7EAF7AAF-0033-4233-B6FF-58FAAA6D29D0}.Release|x86.ActiveCfg = Release|Any CPU
		{7EAF7AAF-0033-4233-B6FF-58FAAA6D29D0}.Release|x86.Build.0 = Release|Any CPU
		{F4DCC0EA-3DF9-43C4-A008-C22ECDECCE12}.Debug|Any CPU.ActiveCfg = Debug|Any CPU
		{F4DCC0EA-3DF9-43C4-A008-C22ECDECCE12}.Debug|Any CPU.Build.0 = Debug|Any CPU
		{F4DCC0EA-3DF9-43C4-A008-C22ECDECCE12}.Debug|x64.ActiveCfg = Debug|Any CPU
		{F4DCC0EA-3DF9-43C4-A008-C22ECDECCE12}.Debug|x64.Build.0 = Debug|Any CPU
		{F4DCC0EA-3DF9-43C4-A008-C22ECDECCE12}.Debug|x86.ActiveCfg = Debug|Any CPU
		{F4DCC0EA-3DF9-43C4-A008-C22ECDECCE12}.Debug|x86.Build.0 = Debug|Any CPU
		{F4DCC0EA-3DF9-43C4-A008-C22ECDECCE12}.Release|Any CPU.ActiveCfg = Release|Any CPU
		{F4DCC0EA-3DF9-43C4-A008-C22ECDECCE12}.Release|Any CPU.Build.0 = Release|Any CPU
		{F4DCC0EA-3DF9-43C4-A008-C22ECDECCE12}.Release|x64.ActiveCfg = Release|Any CPU
		{F4DCC0EA-3DF9-43C4-A008-C22ECDECCE12}.Release|x64.Build.0 = Release|Any CPU
		{F4DCC0EA-3DF9-43C4-A008-C22ECDECCE12}.Release|x86.ActiveCfg = Release|Any CPU
		{F4DCC0EA-3DF9-43C4-A008-C22ECDECCE12}.Release|x86.Build.0 = Release|Any CPU
		{A1E0CC96-F4D7-41E5-9626-B7B37D42ACF2}.Debug|Any CPU.ActiveCfg = Debug|Any CPU
		{A1E0CC96-F4D7-41E5-9626-B7B37D42ACF2}.Debug|Any CPU.Build.0 = Debug|Any CPU
		{A1E0CC96-F4D7-41E5-9626-B7B37D42ACF2}.Debug|x64.ActiveCfg = Debug|Any CPU
		{A1E0CC96-F4D7-41E5-9626-B7B37D42ACF2}.Debug|x64.Build.0 = Debug|Any CPU
		{A1E0CC96-F4D7-41E5-9626-B7B37D42ACF2}.Debug|x86.ActiveCfg = Debug|Any CPU
		{A1E0CC96-F4D7-41E5-9626-B7B37D42ACF2}.Debug|x86.Build.0 = Debug|Any CPU
		{A1E0CC96-F4D7-41E5-9626-B7B37D42ACF2}.Release|Any CPU.ActiveCfg = Release|Any CPU
		{A1E0CC96-F4D7-41E5-9626-B7B37D42ACF2}.Release|Any CPU.Build.0 = Release|Any CPU
		{A1E0CC96-F4D7-41E5-9626-B7B37D42ACF2}.Release|x64.ActiveCfg = Release|Any CPU
		{A1E0CC96-F4D7-41E5-9626-B7B37D42ACF2}.Release|x64.Build.0 = Release|Any CPU
		{A1E0CC96-F4D7-41E5-9626-B7B37D42ACF2}.Release|x86.ActiveCfg = Release|Any CPU
		{A1E0CC96-F4D7-41E5-9626-B7B37D42ACF2}.Release|x86.Build.0 = Release|Any CPU
		{42EB539B-8311-4174-A153-2D2027084AF8}.Debug|Any CPU.ActiveCfg = Debug|Any CPU
		{42EB539B-8311-4174-A153-2D2027084AF8}.Debug|Any CPU.Build.0 = Debug|Any CPU
		{42EB539B-8311-4174-A153-2D2027084AF8}.Debug|x64.ActiveCfg = Debug|Any CPU
		{42EB539B-8311-4174-A153-2D2027084AF8}.Debug|x64.Build.0 = Debug|Any CPU
		{42EB539B-8311-4174-A153-2D2027084AF8}.Debug|x86.ActiveCfg = Debug|Any CPU
		{42EB539B-8311-4174-A153-2D2027084AF8}.Debug|x86.Build.0 = Debug|Any CPU
		{42EB539B-8311-4174-A153-2D2027084AF8}.Release|Any CPU.ActiveCfg = Release|Any CPU
		{42EB539B-8311-4174-A153-2D2027084AF8}.Release|Any CPU.Build.0 = Release|Any CPU
		{42EB539B-8311-4174-A153-2D2027084AF8}.Release|x64.ActiveCfg = Release|Any CPU
		{42EB539B-8311-4174-A153-2D2027084AF8}.Release|x64.Build.0 = Release|Any CPU
		{42EB539B-8311-4174-A153-2D2027084AF8}.Release|x86.ActiveCfg = Release|Any CPU
		{42EB539B-8311-4174-A153-2D2027084AF8}.Release|x86.Build.0 = Release|Any CPU
		{C4F34B5B-8B3D-4F72-A44D-8FCA329CFB86}.Debug|Any CPU.ActiveCfg = Debug|Any CPU
		{C4F34B5B-8B3D-4F72-A44D-8FCA329CFB86}.Debug|Any CPU.Build.0 = Debug|Any CPU
		{C4F34B5B-8B3D-4F72-A44D-8FCA329CFB86}.Debug|x64.ActiveCfg = Debug|Any CPU
		{C4F34B5B-8B3D-4F72-A44D-8FCA329CFB86}.Debug|x64.Build.0 = Debug|Any CPU
		{C4F34B5B-8B3D-4F72-A44D-8FCA329CFB86}.Debug|x86.ActiveCfg = Debug|Any CPU
		{C4F34B5B-8B3D-4F72-A44D-8FCA329CFB86}.Debug|x86.Build.0 = Debug|Any CPU
		{C4F34B5B-8B3D-4F72-A44D-8FCA329CFB86}.Release|Any CPU.ActiveCfg = Release|Any CPU
		{C4F34B5B-8B3D-4F72-A44D-8FCA329CFB86}.Release|Any CPU.Build.0 = Release|Any CPU
		{C4F34B5B-8B3D-4F72-A44D-8FCA329CFB86}.Release|x64.ActiveCfg = Release|Any CPU
		{C4F34B5B-8B3D-4F72-A44D-8FCA329CFB86}.Release|x64.Build.0 = Release|Any CPU
		{C4F34B5B-8B3D-4F72-A44D-8FCA329CFB86}.Release|x86.ActiveCfg = Release|Any CPU
		{C4F34B5B-8B3D-4F72-A44D-8FCA329CFB86}.Release|x86.Build.0 = Release|Any CPU
		{9E759D92-CE07-4E14-A85B-E1DF00709EF4}.Debug|Any CPU.ActiveCfg = Debug|Any CPU
		{9E759D92-CE07-4E14-A85B-E1DF00709EF4}.Debug|Any CPU.Build.0 = Debug|Any CPU
		{9E759D92-CE07-4E14-A85B-E1DF00709EF4}.Debug|x64.ActiveCfg = Debug|Any CPU
		{9E759D92-CE07-4E14-A85B-E1DF00709EF4}.Debug|x64.Build.0 = Debug|Any CPU
		{9E759D92-CE07-4E14-A85B-E1DF00709EF4}.Debug|x86.ActiveCfg = Debug|Any CPU
		{9E759D92-CE07-4E14-A85B-E1DF00709EF4}.Debug|x86.Build.0 = Debug|Any CPU
		{9E759D92-CE07-4E14-A85B-E1DF00709EF4}.Release|Any CPU.ActiveCfg = Release|Any CPU
		{9E759D92-CE07-4E14-A85B-E1DF00709EF4}.Release|Any CPU.Build.0 = Release|Any CPU
		{9E759D92-CE07-4E14-A85B-E1DF00709EF4}.Release|x64.ActiveCfg = Release|Any CPU
		{9E759D92-CE07-4E14-A85B-E1DF00709EF4}.Release|x64.Build.0 = Release|Any CPU
		{9E759D92-CE07-4E14-A85B-E1DF00709EF4}.Release|x86.ActiveCfg = Release|Any CPU
		{9E759D92-CE07-4E14-A85B-E1DF00709EF4}.Release|x86.Build.0 = Release|Any CPU
		{553C0FCB-A518-4289-9E38-C3D14DE0C7DE}.Debug|Any CPU.ActiveCfg = Debug|Any CPU
		{553C0FCB-A518-4289-9E38-C3D14DE0C7DE}.Debug|Any CPU.Build.0 = Debug|Any CPU
		{553C0FCB-A518-4289-9E38-C3D14DE0C7DE}.Debug|x64.ActiveCfg = Debug|Any CPU
		{553C0FCB-A518-4289-9E38-C3D14DE0C7DE}.Debug|x64.Build.0 = Debug|Any CPU
		{553C0FCB-A518-4289-9E38-C3D14DE0C7DE}.Debug|x86.ActiveCfg = Debug|Any CPU
		{553C0FCB-A518-4289-9E38-C3D14DE0C7DE}.Debug|x86.Build.0 = Debug|Any CPU
		{553C0FCB-A518-4289-9E38-C3D14DE0C7DE}.Release|Any CPU.ActiveCfg = Release|Any CPU
		{553C0FCB-A518-4289-9E38-C3D14DE0C7DE}.Release|Any CPU.Build.0 = Release|Any CPU
		{553C0FCB-A518-4289-9E38-C3D14DE0C7DE}.Release|x64.ActiveCfg = Release|Any CPU
		{553C0FCB-A518-4289-9E38-C3D14DE0C7DE}.Release|x64.Build.0 = Release|Any CPU
		{553C0FCB-A518-4289-9E38-C3D14DE0C7DE}.Release|x86.ActiveCfg = Release|Any CPU
		{553C0FCB-A518-4289-9E38-C3D14DE0C7DE}.Release|x86.Build.0 = Release|Any CPU
		{F4831CF1-0FB0-48B1-9CE8-F764D41148CA}.Debug|Any CPU.ActiveCfg = Debug|Any CPU
		{F4831CF1-0FB0-48B1-9CE8-F764D41148CA}.Debug|Any CPU.Build.0 = Debug|Any CPU
		{F4831CF1-0FB0-48B1-9CE8-F764D41148CA}.Debug|x64.ActiveCfg = Debug|Any CPU
		{F4831CF1-0FB0-48B1-9CE8-F764D41148CA}.Debug|x64.Build.0 = Debug|Any CPU
		{F4831CF1-0FB0-48B1-9CE8-F764D41148CA}.Debug|x86.ActiveCfg = Debug|Any CPU
		{F4831CF1-0FB0-48B1-9CE8-F764D41148CA}.Debug|x86.Build.0 = Debug|Any CPU
		{F4831CF1-0FB0-48B1-9CE8-F764D41148CA}.Release|Any CPU.ActiveCfg = Release|Any CPU
		{F4831CF1-0FB0-48B1-9CE8-F764D41148CA}.Release|Any CPU.Build.0 = Release|Any CPU
		{F4831CF1-0FB0-48B1-9CE8-F764D41148CA}.Release|x64.ActiveCfg = Release|Any CPU
		{F4831CF1-0FB0-48B1-9CE8-F764D41148CA}.Release|x64.Build.0 = Release|Any CPU
		{F4831CF1-0FB0-48B1-9CE8-F764D41148CA}.Release|x86.ActiveCfg = Release|Any CPU
		{F4831CF1-0FB0-48B1-9CE8-F764D41148CA}.Release|x86.Build.0 = Release|Any CPU
		{2038E930-BD37-4268-B336-74F2308FD9EA}.Debug|Any CPU.ActiveCfg = Debug|Any CPU
		{2038E930-BD37-4268-B336-74F2308FD9EA}.Debug|Any CPU.Build.0 = Debug|Any CPU
		{2038E930-BD37-4268-B336-74F2308FD9EA}.Debug|x64.ActiveCfg = Debug|Any CPU
		{2038E930-BD37-4268-B336-74F2308FD9EA}.Debug|x64.Build.0 = Debug|Any CPU
		{2038E930-BD37-4268-B336-74F2308FD9EA}.Debug|x86.ActiveCfg = Debug|Any CPU
		{2038E930-BD37-4268-B336-74F2308FD9EA}.Debug|x86.Build.0 = Debug|Any CPU
		{2038E930-BD37-4268-B336-74F2308FD9EA}.Release|Any CPU.ActiveCfg = Release|Any CPU
		{2038E930-BD37-4268-B336-74F2308FD9EA}.Release|Any CPU.Build.0 = Release|Any CPU
		{2038E930-BD37-4268-B336-74F2308FD9EA}.Release|x64.ActiveCfg = Release|Any CPU
		{2038E930-BD37-4268-B336-74F2308FD9EA}.Release|x64.Build.0 = Release|Any CPU
		{2038E930-BD37-4268-B336-74F2308FD9EA}.Release|x86.ActiveCfg = Release|Any CPU
		{2038E930-BD37-4268-B336-74F2308FD9EA}.Release|x86.Build.0 = Release|Any CPU
		{72E9B788-7412-487C-AB5A-7712935E8C1A}.Debug|Any CPU.ActiveCfg = Debug|Any CPU
		{72E9B788-7412-487C-AB5A-7712935E8C1A}.Debug|Any CPU.Build.0 = Debug|Any CPU
		{72E9B788-7412-487C-AB5A-7712935E8C1A}.Debug|x64.ActiveCfg = Debug|Any CPU
		{72E9B788-7412-487C-AB5A-7712935E8C1A}.Debug|x64.Build.0 = Debug|Any CPU
		{72E9B788-7412-487C-AB5A-7712935E8C1A}.Debug|x86.ActiveCfg = Debug|Any CPU
		{72E9B788-7412-487C-AB5A-7712935E8C1A}.Debug|x86.Build.0 = Debug|Any CPU
		{72E9B788-7412-487C-AB5A-7712935E8C1A}.Release|Any CPU.ActiveCfg = Release|Any CPU
		{72E9B788-7412-487C-AB5A-7712935E8C1A}.Release|Any CPU.Build.0 = Release|Any CPU
		{72E9B788-7412-487C-AB5A-7712935E8C1A}.Release|x64.ActiveCfg = Release|Any CPU
		{72E9B788-7412-487C-AB5A-7712935E8C1A}.Release|x64.Build.0 = Release|Any CPU
		{72E9B788-7412-487C-AB5A-7712935E8C1A}.Release|x86.ActiveCfg = Release|Any CPU
		{72E9B788-7412-487C-AB5A-7712935E8C1A}.Release|x86.Build.0 = Release|Any CPU
		{5E980BF8-60A8-4E3D-9439-E62A5CE83630}.Debug|Any CPU.ActiveCfg = Debug|Any CPU
		{5E980BF8-60A8-4E3D-9439-E62A5CE83630}.Debug|Any CPU.Build.0 = Debug|Any CPU
		{5E980BF8-60A8-4E3D-9439-E62A5CE83630}.Debug|x64.ActiveCfg = Debug|Any CPU
		{5E980BF8-60A8-4E3D-9439-E62A5CE83630}.Debug|x64.Build.0 = Debug|Any CPU
		{5E980BF8-60A8-4E3D-9439-E62A5CE83630}.Debug|x86.ActiveCfg = Debug|Any CPU
		{5E980BF8-60A8-4E3D-9439-E62A5CE83630}.Debug|x86.Build.0 = Debug|Any CPU
		{5E980BF8-60A8-4E3D-9439-E62A5CE83630}.Release|Any CPU.ActiveCfg = Release|Any CPU
		{5E980BF8-60A8-4E3D-9439-E62A5CE83630}.Release|Any CPU.Build.0 = Release|Any CPU
		{5E980BF8-60A8-4E3D-9439-E62A5CE83630}.Release|x64.ActiveCfg = Release|Any CPU
		{5E980BF8-60A8-4E3D-9439-E62A5CE83630}.Release|x64.Build.0 = Release|Any CPU
		{5E980BF8-60A8-4E3D-9439-E62A5CE83630}.Release|x86.ActiveCfg = Release|Any CPU
		{5E980BF8-60A8-4E3D-9439-E62A5CE83630}.Release|x86.Build.0 = Release|Any CPU
		{7503C321-D432-4E57-AE43-127BA7A06D9A}.Debug|Any CPU.ActiveCfg = Debug|Any CPU
		{7503C321-D432-4E57-AE43-127BA7A06D9A}.Debug|Any CPU.Build.0 = Debug|Any CPU
		{7503C321-D432-4E57-AE43-127BA7A06D9A}.Debug|x64.ActiveCfg = Debug|Any CPU
		{7503C321-D432-4E57-AE43-127BA7A06D9A}.Debug|x64.Build.0 = Debug|Any CPU
		{7503C321-D432-4E57-AE43-127BA7A06D9A}.Debug|x86.ActiveCfg = Debug|Any CPU
		{7503C321-D432-4E57-AE43-127BA7A06D9A}.Debug|x86.Build.0 = Debug|Any CPU
		{7503C321-D432-4E57-AE43-127BA7A06D9A}.Release|Any CPU.ActiveCfg = Release|Any CPU
		{7503C321-D432-4E57-AE43-127BA7A06D9A}.Release|Any CPU.Build.0 = Release|Any CPU
		{7503C321-D432-4E57-AE43-127BA7A06D9A}.Release|x64.ActiveCfg = Release|Any CPU
		{7503C321-D432-4E57-AE43-127BA7A06D9A}.Release|x64.Build.0 = Release|Any CPU
		{7503C321-D432-4E57-AE43-127BA7A06D9A}.Release|x86.ActiveCfg = Release|Any CPU
		{7503C321-D432-4E57-AE43-127BA7A06D9A}.Release|x86.Build.0 = Release|Any CPU
		{EB1C6AB6-E018-4C44-874E-6EA1628AAB7A}.Debug|Any CPU.ActiveCfg = Debug|Any CPU
		{EB1C6AB6-E018-4C44-874E-6EA1628AAB7A}.Debug|Any CPU.Build.0 = Debug|Any CPU
		{EB1C6AB6-E018-4C44-874E-6EA1628AAB7A}.Debug|x64.ActiveCfg = Debug|Any CPU
		{EB1C6AB6-E018-4C44-874E-6EA1628AAB7A}.Debug|x64.Build.0 = Debug|Any CPU
		{EB1C6AB6-E018-4C44-874E-6EA1628AAB7A}.Debug|x86.ActiveCfg = Debug|Any CPU
		{EB1C6AB6-E018-4C44-874E-6EA1628AAB7A}.Debug|x86.Build.0 = Debug|Any CPU
		{EB1C6AB6-E018-4C44-874E-6EA1628AAB7A}.Release|Any CPU.ActiveCfg = Release|Any CPU
		{EB1C6AB6-E018-4C44-874E-6EA1628AAB7A}.Release|Any CPU.Build.0 = Release|Any CPU
		{EB1C6AB6-E018-4C44-874E-6EA1628AAB7A}.Release|x64.ActiveCfg = Release|Any CPU
		{EB1C6AB6-E018-4C44-874E-6EA1628AAB7A}.Release|x64.Build.0 = Release|Any CPU
		{EB1C6AB6-E018-4C44-874E-6EA1628AAB7A}.Release|x86.ActiveCfg = Release|Any CPU
		{EB1C6AB6-E018-4C44-874E-6EA1628AAB7A}.Release|x86.Build.0 = Release|Any CPU
		{9B6BC90B-D82B-4854-BC38-85918173C4E9}.Debug|Any CPU.ActiveCfg = Debug|Any CPU
		{9B6BC90B-D82B-4854-BC38-85918173C4E9}.Debug|Any CPU.Build.0 = Debug|Any CPU
		{9B6BC90B-D82B-4854-BC38-85918173C4E9}.Debug|x64.ActiveCfg = Debug|Any CPU
		{9B6BC90B-D82B-4854-BC38-85918173C4E9}.Debug|x64.Build.0 = Debug|Any CPU
		{9B6BC90B-D82B-4854-BC38-85918173C4E9}.Debug|x86.ActiveCfg = Debug|Any CPU
		{9B6BC90B-D82B-4854-BC38-85918173C4E9}.Debug|x86.Build.0 = Debug|Any CPU
		{9B6BC90B-D82B-4854-BC38-85918173C4E9}.Release|Any CPU.ActiveCfg = Release|Any CPU
		{9B6BC90B-D82B-4854-BC38-85918173C4E9}.Release|Any CPU.Build.0 = Release|Any CPU
		{9B6BC90B-D82B-4854-BC38-85918173C4E9}.Release|x64.ActiveCfg = Release|Any CPU
		{9B6BC90B-D82B-4854-BC38-85918173C4E9}.Release|x64.Build.0 = Release|Any CPU
		{9B6BC90B-D82B-4854-BC38-85918173C4E9}.Release|x86.ActiveCfg = Release|Any CPU
		{9B6BC90B-D82B-4854-BC38-85918173C4E9}.Release|x86.Build.0 = Release|Any CPU
		{9FE3716C-CD93-41AF-B61A-10612A807C31}.Debug|Any CPU.ActiveCfg = Debug|Any CPU
		{9FE3716C-CD93-41AF-B61A-10612A807C31}.Debug|Any CPU.Build.0 = Debug|Any CPU
		{9FE3716C-CD93-41AF-B61A-10612A807C31}.Debug|x64.ActiveCfg = Debug|Any CPU
		{9FE3716C-CD93-41AF-B61A-10612A807C31}.Debug|x64.Build.0 = Debug|Any CPU
		{9FE3716C-CD93-41AF-B61A-10612A807C31}.Debug|x86.ActiveCfg = Debug|Any CPU
		{9FE3716C-CD93-41AF-B61A-10612A807C31}.Debug|x86.Build.0 = Debug|Any CPU
		{9FE3716C-CD93-41AF-B61A-10612A807C31}.Release|Any CPU.ActiveCfg = Release|Any CPU
		{9FE3716C-CD93-41AF-B61A-10612A807C31}.Release|Any CPU.Build.0 = Release|Any CPU
		{9FE3716C-CD93-41AF-B61A-10612A807C31}.Release|x64.ActiveCfg = Release|Any CPU
		{9FE3716C-CD93-41AF-B61A-10612A807C31}.Release|x64.Build.0 = Release|Any CPU
		{9FE3716C-CD93-41AF-B61A-10612A807C31}.Release|x86.ActiveCfg = Release|Any CPU
		{9FE3716C-CD93-41AF-B61A-10612A807C31}.Release|x86.Build.0 = Release|Any CPU
		{338A1793-206A-466B-B23E-19DB523710B6}.Debug|Any CPU.ActiveCfg = Debug|Any CPU
		{338A1793-206A-466B-B23E-19DB523710B6}.Debug|Any CPU.Build.0 = Debug|Any CPU
		{338A1793-206A-466B-B23E-19DB523710B6}.Debug|x64.ActiveCfg = Debug|Any CPU
		{338A1793-206A-466B-B23E-19DB523710B6}.Debug|x64.Build.0 = Debug|Any CPU
		{338A1793-206A-466B-B23E-19DB523710B6}.Debug|x86.ActiveCfg = Debug|Any CPU
		{338A1793-206A-466B-B23E-19DB523710B6}.Debug|x86.Build.0 = Debug|Any CPU
		{338A1793-206A-466B-B23E-19DB523710B6}.Release|Any CPU.ActiveCfg = Release|Any CPU
		{338A1793-206A-466B-B23E-19DB523710B6}.Release|Any CPU.Build.0 = Release|Any CPU
		{338A1793-206A-466B-B23E-19DB523710B6}.Release|x64.ActiveCfg = Release|Any CPU
		{338A1793-206A-466B-B23E-19DB523710B6}.Release|x64.Build.0 = Release|Any CPU
		{338A1793-206A-466B-B23E-19DB523710B6}.Release|x86.ActiveCfg = Release|Any CPU
		{338A1793-206A-466B-B23E-19DB523710B6}.Release|x86.Build.0 = Release|Any CPU
		{9975723D-F32B-423B-BA84-37D391CC2DA7}.Debug|Any CPU.ActiveCfg = Debug|Any CPU
		{9975723D-F32B-423B-BA84-37D391CC2DA7}.Debug|Any CPU.Build.0 = Debug|Any CPU
		{9975723D-F32B-423B-BA84-37D391CC2DA7}.Debug|x64.ActiveCfg = Debug|Any CPU
		{9975723D-F32B-423B-BA84-37D391CC2DA7}.Debug|x64.Build.0 = Debug|Any CPU
		{9975723D-F32B-423B-BA84-37D391CC2DA7}.Debug|x86.ActiveCfg = Debug|Any CPU
		{9975723D-F32B-423B-BA84-37D391CC2DA7}.Debug|x86.Build.0 = Debug|Any CPU
		{9975723D-F32B-423B-BA84-37D391CC2DA7}.Release|Any CPU.ActiveCfg = Release|Any CPU
		{9975723D-F32B-423B-BA84-37D391CC2DA7}.Release|Any CPU.Build.0 = Release|Any CPU
		{9975723D-F32B-423B-BA84-37D391CC2DA7}.Release|x64.ActiveCfg = Release|Any CPU
		{9975723D-F32B-423B-BA84-37D391CC2DA7}.Release|x64.Build.0 = Release|Any CPU
		{9975723D-F32B-423B-BA84-37D391CC2DA7}.Release|x86.ActiveCfg = Release|Any CPU
		{9975723D-F32B-423B-BA84-37D391CC2DA7}.Release|x86.Build.0 = Release|Any CPU
	EndGlobalSection
	GlobalSection(SolutionProperties) = preSolution
		HideSolutionNode = FALSE
	EndGlobalSection
	GlobalSection(NestedProjects) = preSolution
		{40047BE0-D633-464C-8241-240B178691E6} = {827E0CD3-B72D-47B6-A68D-7590B98EB39B}
		{982285B6-7597-436B-B728-AEBC18C1129A} = {827E0CD3-B72D-47B6-A68D-7590B98EB39B}
		{B10F2C55-A993-4FF7-9C28-CA3A8393D51C} = {827E0CD3-B72D-47B6-A68D-7590B98EB39B}
		{0DBEAF11-F260-4005-9704-24848362D244} = {827E0CD3-B72D-47B6-A68D-7590B98EB39B}
		{1483E951-3A90-4E93-A31F-23DFB3391187} = {07D57EEB-2F50-60C4-C011-FE4FA775C9A8}
		{0F94A7D1-9E1E-4F3F-883A-A4FA10104A31} = {07D57EEB-2F50-60C4-C011-FE4FA775C9A8}
		{A82EDED1-CE12-413B-A996-E98B98AD681D} = {07D57EEB-2F50-60C4-C011-FE4FA775C9A8}
		{5BC8944D-75A9-4FCB-A4AF-1E730664D19C} = {07D57EEB-2F50-60C4-C011-FE4FA775C9A8}
		{7EAF7AAF-0033-4233-B6FF-58FAAA6D29D0} = {0AB3BF05-4346-4AA6-1389-037BE0695223}
		{F4DCC0EA-3DF9-43C4-A008-C22ECDECCE12} = {07D57EEB-2F50-60C4-C011-FE4FA775C9A8}
		{A1E0CC96-F4D7-41E5-9626-B7B37D42ACF2} = {07D57EEB-2F50-60C4-C011-FE4FA775C9A8}
		{42EB539B-8311-4174-A153-2D2027084AF8} = {07D57EEB-2F50-60C4-C011-FE4FA775C9A8}
		{C4F34B5B-8B3D-4F72-A44D-8FCA329CFB86} = {07D57EEB-2F50-60C4-C011-FE4FA775C9A8}
		{C1EA0D2F-032A-7C62-A8DA-5A14D5DDC863} = {07C2787E-EAC7-C090-1BA3-A61EC2A24D84}
		{9E759D92-CE07-4E14-A85B-E1DF00709EF4} = {C1EA0D2F-032A-7C62-A8DA-5A14D5DDC863}
		{553C0FCB-A518-4289-9E38-C3D14DE0C7DE} = {07D57EEB-2F50-60C4-C011-FE4FA775C9A8}
		{F4831CF1-0FB0-48B1-9CE8-F764D41148CA} = {07D57EEB-2F50-60C4-C011-FE4FA775C9A8}
		{2038E930-BD37-4268-B336-74F2308FD9EA} = {07D57EEB-2F50-60C4-C011-FE4FA775C9A8}
		{72E9B788-7412-487C-AB5A-7712935E8C1A} = {07D57EEB-2F50-60C4-C011-FE4FA775C9A8}
		{5E980BF8-60A8-4E3D-9439-E62A5CE83630} = {07D57EEB-2F50-60C4-C011-FE4FA775C9A8}
		{7503C321-D432-4E57-AE43-127BA7A06D9A} = {07D57EEB-2F50-60C4-C011-FE4FA775C9A8}
		{EB1C6AB6-E018-4C44-874E-6EA1628AAB7A} = {07D57EEB-2F50-60C4-C011-FE4FA775C9A8}
		{9B6BC90B-D82B-4854-BC38-85918173C4E9} = {0AB3BF05-4346-4AA6-1389-037BE0695223}
		{9FE3716C-CD93-41AF-B61A-10612A807C31} = {827E0CD3-B72D-47B6-A68D-7590B98EB39B}
		{338A1793-206A-466B-B23E-19DB523710B6} = {827E0CD3-B72D-47B6-A68D-7590B98EB39B}
		{9975723D-F32B-423B-BA84-37D391CC2DA7} = {0AB3BF05-4346-4AA6-1389-037BE0695223}
	EndGlobalSection
EndGlobal
