
Microsoft Visual Studio Solution File, Format Version 12.00
# Visual Studio Version 17
VisualStudioVersion = 17.0.31903.59
MinimumVisualStudioVersion = 10.0.40219.1
Project("{2150E333-8FDC-42A3-9474-1A3956D46DE8}") = "01 - Host", "01 - Host", "{709AC57D-DEFA-B913-064A-13F733835983}"
EndProject
Project("{FAE04EC0-301F-11D3-BF4B-00C04F79EFBC}") = "NotificationHub.Host", "src\Host\NotificationHub.Host\NotificationHub.Host.csproj", "{8C40330C-BE57-435C-82DF-31094876F028}"
EndProject
Project("{FAE04EC0-301F-11D3-BF4B-00C04F79EFBC}") = "NotificationHub.AppHost", "src\Host\NotificationHub.AppHost\NotificationHub.AppHost.csproj", "{D60A4E4D-BD14-43DC-99F4-4824B30D23AA}"
EndProject
Project("{FAE04EC0-301F-11D3-BF4B-00C04F79EFBC}") = "NotificationHub.ServiceDefaults", "src\Host\NotificationHub.ServiceDefaults\NotificationHub.ServiceDefaults.csproj", "{F9448FE3-0C38-4796-B7A7-EAF95A20308C}"
EndProject
Project("{2150E333-8FDC-42A3-9474-1A3956D46DE8}") = "02 - Kernel", "02 - Kernel", "{24C5AA0B-7135-39FE-E75D-6D63B139311C}"
EndProject
Project("{FAE04EC0-301F-11D3-BF4B-00C04F79EFBC}") = "NotificationHub.Abstractions", "src\Kernel\NotificationHub.Abstractions\NotificationHub.Abstractions.csproj", "{824B761F-123D-4058-9977-09B6706F8ADF}"
EndProject
Project("{2150E333-8FDC-42A3-9474-1A3956D46DE8}") = "03 - BuildingBlocks", "03 - BuildingBlocks", "{907F5AE1-A108-D05D-E41B-3B2B488F9B14}"
EndProject
Project("{FAE04EC0-301F-11D3-BF4B-00C04F79EFBC}") = "NotificationHub.Domain", "src\BuildingBlocks\NotificationHub.Domain\NotificationHub.Domain.csproj", "{36534552-7705-4686-8947-9BA1E9A7F8CC}"
EndProject
Project("{FAE04EC0-301F-11D3-BF4B-00C04F79EFBC}") = "NotificationHub.Application", "src\BuildingBlocks\NotificationHub.Application\NotificationHub.Application.csproj", "{5EB58BA0-3C5A-42DD-91A1-E4E4A993414C}"
EndProject
Project("{FAE04EC0-301F-11D3-BF4B-00C04F79EFBC}") = "NotificationHub.Infrastructure", "src\BuildingBlocks\NotificationHub.Infrastructure\NotificationHub.Infrastructure.csproj", "{A754A763-A3BF-482F-850B-0EB9C461C59F}"
EndProject
Project("{FAE04EC0-301F-11D3-BF4B-00C04F79EFBC}") = "NotificationHub.Core", "src\BuildingBlocks\NotificationHub.Core\NotificationHub.Core.csproj", "{E00BE548-7E72-4663-9251-99C1AE3B21C7}"
EndProject
Project("{2150E333-8FDC-42A3-9474-1A3956D46DE8}") = "04 - Clients", "04 - Clients", "{F7722A79-BACA-BB1E-AB3F-16D2F38AF372}"
EndProject
Project("{FAE04EC0-301F-11D3-BF4B-00C04F79EFBC}") = "NotificationHub.Sdk", "src\Clients\NotificationHub.Sdk\NotificationHub.Sdk.csproj", "{1E96B95F-A316-40ED-AE75-CB0D05C434EC}"
EndProject
Project("{2150E333-8FDC-42A3-9474-1A3956D46DE8}") = "05 - Plugins", "05 - Plugins", "{1E23C32A-292B-C3EC-163F-C62B5BA4BF5C}"
EndProject
Project("{2150E333-8FDC-42A3-9474-1A3956D46DE8}") = "Email", "Email", "{E0F6C02C-5448-9C73-6ACD-BE0BAFD3497B}"
EndProject
Project("{FAE04EC0-301F-11D3-BF4B-00C04F79EFBC}") = "NotificationHub.Plugins.Email.SendGrid", "Plugins\Email\NotificationHub.Plugins.Email.SendGrid\NotificationHub.Plugins.Email.SendGrid.csproj", "{0F6826BC-F4A5-4E41-B2FF-FD74188EBA7A}"
EndProject
Project("{FAE04EC0-301F-11D3-BF4B-00C04F79EFBC}") = "NotificationHub.Plugins.Email.Smtp", "Plugins\Email\NotificationHub.Plugins.Email.Smtp\NotificationHub.Plugins.Email.Smtp.csproj", "{33C2CA24-6AF3-43D0-892C-CF2F06142E3C}"
EndProject
Project("{FAE04EC0-301F-11D3-BF4B-00C04F79EFBC}") = "NotificationHub.Plugins.Email.Resend", "Plugins\Email\NotificationHub.Plugins.Email.Resend\NotificationHub.Plugins.Email.Resend.csproj", "{35A3297B-866B-4740-A001-A85D58F383AE}"
EndProject
Project("{FAE04EC0-301F-11D3-BF4B-00C04F79EFBC}") = "NotificationHub.Plugins.Email.Ses", "Plugins\Email\NotificationHub.Plugins.Email.Ses\NotificationHub.Plugins.Email.Ses.csproj", "{4114DC97-15D8-4F22-A8DD-7AD53545B179}"
EndProject
Project("{2150E333-8FDC-42A3-9474-1A3956D46DE8}") = "Sms", "Sms", "{C4B38077-0B8E-60A6-97F6-7DA0DA658335}"
EndProject
Project("{FAE04EC0-301F-11D3-BF4B-00C04F79EFBC}") = "NotificationHub.Plugins.Sms.Kavenegar", "Plugins\Sms\NotificationHub.Plugins.Sms.Kavenegar\NotificationHub.Plugins.Sms.Kavenegar.csproj", "{40F78F6F-6E30-4534-89F7-EB3CA5B4C65C}"
EndProject
Project("{FAE04EC0-301F-11D3-BF4B-00C04F79EFBC}") = "NotificationHub.Plugins.Sms.SmsIr", "Plugins\Sms\NotificationHub.Plugins.Sms.SmsIr\NotificationHub.Plugins.Sms.SmsIr.csproj", "{2B9FA709-1A35-401C-A058-639530514649}"
EndProject
Project("{FAE04EC0-301F-11D3-BF4B-00C04F79EFBC}") = "NotificationHub.Plugins.Sms.Twilio", "Plugins\Sms\NotificationHub.Plugins.Sms.Twilio\NotificationHub.Plugins.Sms.Twilio.csproj", "{934C448E-CA2F-4FC2-A483-1269612F6F38}"
EndProject
Project("{2150E333-8FDC-42A3-9474-1A3956D46DE8}") = "Chat", "Chat", "{F95E2390-AF4E-40A8-9D57-81DCB927E68D}"
EndProject
Project("{FAE04EC0-301F-11D3-BF4B-00C04F79EFBC}") = "NotificationHub.Plugins.Chat.Slack", "Plugins\Chat\NotificationHub.Plugins.Chat.Slack\NotificationHub.Plugins.Chat.Slack.csproj", "{A1C8AC41-BFD3-4F2B-9C65-2D22F4027D15}"
EndProject
Project("{FAE04EC0-301F-11D3-BF4B-00C04F79EFBC}") = "NotificationHub.Plugins.Chat.WhatsApp", "Plugins\Chat\NotificationHub.Plugins.Chat.WhatsApp\NotificationHub.Plugins.Chat.WhatsApp.csproj", "{501E5B1D-945F-4A4E-9450-2693E52F63C4}"
EndProject
Project("{FAE04EC0-301F-11D3-BF4B-00C04F79EFBC}") = "NotificationHub.Plugins.Chat.Telegram", "Plugins\Chat\NotificationHub.Plugins.Chat.Telegram\NotificationHub.Plugins.Chat.Telegram.csproj", "{47011C86-E9BA-4C82-B707-3A65C544B67B}"
EndProject
Project("{FAE04EC0-301F-11D3-BF4B-00C04F79EFBC}") = "NotificationHub.Plugins.Chat.Discord", "Plugins\Chat\NotificationHub.Plugins.Chat.Discord\NotificationHub.Plugins.Chat.Discord.csproj", "{DDC50947-D1A2-4D79-BDDE-1C0D2A7F8682}"
EndProject
Project("{FAE04EC0-301F-11D3-BF4B-00C04F79EFBC}") = "NotificationHub.Plugins.Chat.Teams", "Plugins\Chat\NotificationHub.Plugins.Chat.Teams\NotificationHub.Plugins.Chat.Teams.csproj", "{D8FBCEAD-A545-4400-85D8-142BEA25B27A}"
EndProject
Project("{2150E333-8FDC-42A3-9474-1A3956D46DE8}") = "Push", "Push", "{1467A162-2C18-FF5E-14B4-8E52258022FB}"
EndProject
Project("{FAE04EC0-301F-11D3-BF4B-00C04F79EFBC}") = "NotificationHub.Plugins.Push.Fcm", "Plugins\Push\NotificationHub.Plugins.Push.Fcm\NotificationHub.Plugins.Push.Fcm.csproj", "{5F1C159C-F73B-4D31-961E-F6C854BC027E}"
EndProject
Project("{FAE04EC0-301F-11D3-BF4B-00C04F79EFBC}") = "NotificationHub.Plugins.Push.Expo", "Plugins\Push\NotificationHub.Plugins.Push.Expo\NotificationHub.Plugins.Push.Expo.csproj", "{1FFD95B2-E559-43E1-8384-FDA18CF008A3}"
EndProject
Project("{2150E333-8FDC-42A3-9474-1A3956D46DE8}") = "InApp", "InApp", "{60A7D392-97FE-07FC-05D5-9AAB3270B66B}"
EndProject
Project("{FAE04EC0-301F-11D3-BF4B-00C04F79EFBC}") = "NotificationHub.Plugins.InApp", "Plugins\InApp\NotificationHub.Plugins.InApp\NotificationHub.Plugins.InApp.csproj", "{D60581EA-5B3E-43F6-B90C-612E6F3DC664}"
EndProject
Project("{2150E333-8FDC-42A3-9474-1A3956D46DE8}") = "06 - Tests", "06 - Tests", "{DCDED2B9-1E8E-33CD-9B42-992DD9664F1F}"
EndProject
Project("{2150E333-8FDC-42A3-9474-1A3956D46DE8}") = "Architecture", "Architecture", "{925D69CA-7C28-5BEB-2AD2-1B3D66FC610E}"
EndProject
Project("{FAE04EC0-301F-11D3-BF4B-00C04F79EFBC}") = "NotificationHub.Architecture.Tests", "tests\Architecture\NotificationHub.Architecture.Tests\NotificationHub.Architecture.Tests.csproj", "{A582547A-71B0-4A32-9E5B-7E48DD9A46C1}"
EndProject
Project("{2150E333-8FDC-42A3-9474-1A3956D46DE8}") = "Unit", "Unit", "{9FEC3390-11E5-F3B3-5EA1-EA5681000061}"
EndProject
Project("{FAE04EC0-301F-11D3-BF4B-00C04F79EFBC}") = "NotificationHub.Domain.Tests", "tests\Unit\NotificationHub.Domain.Tests\NotificationHub.Domain.Tests.csproj", "{B6CBC379-7A60-4257-A12E-519627E4E12E}"
EndProject
Project("{FAE04EC0-301F-11D3-BF4B-00C04F79EFBC}") = "NotificationHub.Application.Tests", "tests\Unit\NotificationHub.Application.Tests\NotificationHub.Application.Tests.csproj", "{958A2D28-70D0-4BB3-A0F6-66871F51C9E1}"
EndProject
Project("{FAE04EC0-301F-11D3-BF4B-00C04F79EFBC}") = "NotificationHub.Core.Tests", "tests\Unit\NotificationHub.Core.Tests\NotificationHub.Core.Tests.csproj", "{7B35337C-6B12-4BD2-971C-67E28C52EC36}"
EndProject
Project("{2150E333-8FDC-42A3-9474-1A3956D46DE8}") = "Benchmarks", "Benchmarks", "{36ED6B65-383A-8825-3B55-EE4AB27F330D}"
EndProject
Project("{FAE04EC0-301F-11D3-BF4B-00C04F79EFBC}") = "NotificationHub.Benchmarks", "tests\Benchmarks\NotificationHub.Benchmarks\NotificationHub.Benchmarks.csproj", "{CB67DD0B-B738-4141-BF5E-AB9CCAE64EC7}"
EndProject
Project("{2150E333-8FDC-42A3-9474-1A3956D46DE8}") = "07 - Tools", "07 - Tools", "{90574700-58F1-7448-78C6-E045A6126C9A}"
EndProject
Project("{FAE04EC0-301F-11D3-BF4B-00C04F79EFBC}") = "NotificationHub.LoadTest", "tools\loadtest\NotificationHub.LoadTest.csproj", "{38BBE7FE-3594-4D03-A3F8-A1106C763E83}"
EndProject
Global
	GlobalSection(SolutionConfigurationPlatforms) = preSolution
		Debug|Any CPU = Debug|Any CPU
		Debug|x64 = Debug|x64
		Debug|x86 = Debug|x86
		Release|Any CPU = Release|Any CPU
		Release|x64 = Release|x64
		Release|x86 = Release|x86
	EndGlobalSection
	GlobalSection(ProjectConfigurationPlatforms) = postSolution
		{8C40330C-BE57-435C-82DF-31094876F028}.Debug|Any CPU.ActiveCfg = Debug|Any CPU
		{8C40330C-BE57-435C-82DF-31094876F028}.Debug|Any CPU.Build.0 = Debug|Any CPU
		{8C40330C-BE57-435C-82DF-31094876F028}.Debug|x64.ActiveCfg = Debug|Any CPU
		{8C40330C-BE57-435C-82DF-31094876F028}.Debug|x64.Build.0 = Debug|Any CPU
		{8C40330C-BE57-435C-82DF-31094876F028}.Debug|x86.ActiveCfg = Debug|Any CPU
		{8C40330C-BE57-435C-82DF-31094876F028}.Debug|x86.Build.0 = Debug|Any CPU
		{8C40330C-BE57-435C-82DF-31094876F028}.Release|Any CPU.ActiveCfg = Release|Any CPU
		{8C40330C-BE57-435C-82DF-31094876F028}.Release|Any CPU.Build.0 = Release|Any CPU
		{8C40330C-BE57-435C-82DF-31094876F028}.Release|x64.ActiveCfg = Release|Any CPU
		{8C40330C-BE57-435C-82DF-31094876F028}.Release|x64.Build.0 = Release|Any CPU
		{8C40330C-BE57-435C-82DF-31094876F028}.Release|x86.ActiveCfg = Release|Any CPU
		{8C40330C-BE57-435C-82DF-31094876F028}.Release|x86.Build.0 = Release|Any CPU
		{D60A4E4D-BD14-43DC-99F4-4824B30D23AA}.Debug|Any CPU.ActiveCfg = Debug|Any CPU
		{D60A4E4D-BD14-43DC-99F4-4824B30D23AA}.Debug|Any CPU.Build.0 = Debug|Any CPU
		{D60A4E4D-BD14-43DC-99F4-4824B30D23AA}.Debug|x64.ActiveCfg = Debug|Any CPU
		{D60A4E4D-BD14-43DC-99F4-4824B30D23AA}.Debug|x64.Build.0 = Debug|Any CPU
		{D60A4E4D-BD14-43DC-99F4-4824B30D23AA}.Debug|x86.ActiveCfg = Debug|Any CPU
		{D60A4E4D-BD14-43DC-99F4-4824B30D23AA}.Debug|x86.Build.0 = Debug|Any CPU
		{D60A4E4D-BD14-43DC-99F4-4824B30D23AA}.Release|Any CPU.ActiveCfg = Release|Any CPU
		{D60A4E4D-BD14-43DC-99F4-4824B30D23AA}.Release|Any CPU.Build.0 = Release|Any CPU
		{D60A4E4D-BD14-43DC-99F4-4824B30D23AA}.Release|x64.ActiveCfg = Release|Any CPU
		{D60A4E4D-BD14-43DC-99F4-4824B30D23AA}.Release|x64.Build.0 = Release|Any CPU
		{D60A4E4D-BD14-43DC-99F4-4824B30D23AA}.Release|x86.ActiveCfg = Release|Any CPU
		{D60A4E4D-BD14-43DC-99F4-4824B30D23AA}.Release|x86.Build.0 = Release|Any CPU
		{F9448FE3-0C38-4796-B7A7-EAF95A20308C}.Debug|Any CPU.ActiveCfg = Debug|Any CPU
		{F9448FE3-0C38-4796-B7A7-EAF95A20308C}.Debug|Any CPU.Build.0 = Debug|Any CPU
		{F9448FE3-0C38-4796-B7A7-EAF95A20308C}.Debug|x64.ActiveCfg = Debug|Any CPU
		{F9448FE3-0C38-4796-B7A7-EAF95A20308C}.Debug|x64.Build.0 = Debug|Any CPU
		{F9448FE3-0C38-4796-B7A7-EAF95A20308C}.Debug|x86.ActiveCfg = Debug|Any CPU
		{F9448FE3-0C38-4796-B7A7-EAF95A20308C}.Debug|x86.Build.0 = Debug|Any CPU
		{F9448FE3-0C38-4796-B7A7-EAF95A20308C}.Release|Any CPU.ActiveCfg = Release|Any CPU
		{F9448FE3-0C38-4796-B7A7-EAF95A20308C}.Release|Any CPU.Build.0 = Release|Any CPU
		{F9448FE3-0C38-4796-B7A7-EAF95A20308C}.Release|x64.ActiveCfg = Release|Any CPU
		{F9448FE3-0C38-4796-B7A7-EAF95A20308C}.Release|x64.Build.0 = Release|Any CPU
		{F9448FE3-0C38-4796-B7A7-EAF95A20308C}.Release|x86.ActiveCfg = Release|Any CPU
		{F9448FE3-0C38-4796-B7A7-EAF95A20308C}.Release|x86.Build.0 = Release|Any CPU
		{824B761F-123D-4058-9977-09B6706F8ADF}.Debug|Any CPU.ActiveCfg = Debug|Any CPU
		{824B761F-123D-4058-9977-09B6706F8ADF}.Debug|Any CPU.Build.0 = Debug|Any CPU
		{824B761F-123D-4058-9977-09B6706F8ADF}.Debug|x64.ActiveCfg = Debug|Any CPU
		{824B761F-123D-4058-9977-09B6706F8ADF}.Debug|x64.Build.0 = Debug|Any CPU
		{824B761F-123D-4058-9977-09B6706F8ADF}.Debug|x86.ActiveCfg = Debug|Any CPU
		{824B761F-123D-4058-9977-09B6706F8ADF}.Debug|x86.Build.0 = Debug|Any CPU
		{824B761F-123D-4058-9977-09B6706F8ADF}.Release|Any CPU.ActiveCfg = Release|Any CPU
		{824B761F-123D-4058-9977-09B6706F8ADF}.Release|Any CPU.Build.0 = Release|Any CPU
		{824B761F-123D-4058-9977-09B6706F8ADF}.Release|x64.ActiveCfg = Release|Any CPU
		{824B761F-123D-4058-9977-09B6706F8ADF}.Release|x64.Build.0 = Release|Any CPU
		{824B761F-123D-4058-9977-09B6706F8ADF}.Release|x86.ActiveCfg = Release|Any CPU
		{824B761F-123D-4058-9977-09B6706F8ADF}.Release|x86.Build.0 = Release|Any CPU
		{36534552-7705-4686-8947-9BA1E9A7F8CC}.Debug|Any CPU.ActiveCfg = Debug|Any CPU
		{36534552-7705-4686-8947-9BA1E9A7F8CC}.Debug|Any CPU.Build.0 = Debug|Any CPU
		{36534552-7705-4686-8947-9BA1E9A7F8CC}.Debug|x64.ActiveCfg = Debug|Any CPU
		{36534552-7705-4686-8947-9BA1E9A7F8CC}.Debug|x64.Build.0 = Debug|Any CPU
		{36534552-7705-4686-8947-9BA1E9A7F8CC}.Debug|x86.ActiveCfg = Debug|Any CPU
		{36534552-7705-4686-8947-9BA1E9A7F8CC}.Debug|x86.Build.0 = Debug|Any CPU
		{36534552-7705-4686-8947-9BA1E9A7F8CC}.Release|Any CPU.ActiveCfg = Release|Any CPU
		{36534552-7705-4686-8947-9BA1E9A7F8CC}.Release|Any CPU.Build.0 = Release|Any CPU
		{36534552-7705-4686-8947-9BA1E9A7F8CC}.Release|x64.ActiveCfg = Release|Any CPU
		{36534552-7705-4686-8947-9BA1E9A7F8CC}.Release|x64.Build.0 = Release|Any CPU
		{36534552-7705-4686-8947-9BA1E9A7F8CC}.Release|x86.ActiveCfg = Release|Any CPU
		{36534552-7705-4686-8947-9BA1E9A7F8CC}.Release|x86.Build.0 = Release|Any CPU
		{5EB58BA0-3C5A-42DD-91A1-E4E4A993414C}.Debug|Any CPU.ActiveCfg = Debug|Any CPU
		{5EB58BA0-3C5A-42DD-91A1-E4E4A993414C}.Debug|Any CPU.Build.0 = Debug|Any CPU
		{5EB58BA0-3C5A-42DD-91A1-E4E4A993414C}.Debug|x64.ActiveCfg = Debug|Any CPU
		{5EB58BA0-3C5A-42DD-91A1-E4E4A993414C}.Debug|x64.Build.0 = Debug|Any CPU
		{5EB58BA0-3C5A-42DD-91A1-E4E4A993414C}.Debug|x86.ActiveCfg = Debug|Any CPU
		{5EB58BA0-3C5A-42DD-91A1-E4E4A993414C}.Debug|x86.Build.0 = Debug|Any CPU
		{5EB58BA0-3C5A-42DD-91A1-E4E4A993414C}.Release|Any CPU.ActiveCfg = Release|Any CPU
		{5EB58BA0-3C5A-42DD-91A1-E4E4A993414C}.Release|Any CPU.Build.0 = Release|Any CPU
		{5EB58BA0-3C5A-42DD-91A1-E4E4A993414C}.Release|x64.ActiveCfg = Release|Any CPU
		{5EB58BA0-3C5A-42DD-91A1-E4E4A993414C}.Release|x64.Build.0 = Release|Any CPU
		{5EB58BA0-3C5A-42DD-91A1-E4E4A993414C}.Release|x86.ActiveCfg = Release|Any CPU
		{5EB58BA0-3C5A-42DD-91A1-E4E4A993414C}.Release|x86.Build.0 = Release|Any CPU
		{A754A763-A3BF-482F-850B-0EB9C461C59F}.Debug|Any CPU.ActiveCfg = Debug|Any CPU
		{A754A763-A3BF-482F-850B-0EB9C461C59F}.Debug|Any CPU.Build.0 = Debug|Any CPU
		{A754A763-A3BF-482F-850B-0EB9C461C59F}.Debug|x64.ActiveCfg = Debug|Any CPU
		{A754A763-A3BF-482F-850B-0EB9C461C59F}.Debug|x64.Build.0 = Debug|Any CPU
		{A754A763-A3BF-482F-850B-0EB9C461C59F}.Debug|x86.ActiveCfg = Debug|Any CPU
		{A754A763-A3BF-482F-850B-0EB9C461C59F}.Debug|x86.Build.0 = Debug|Any CPU
		{A754A763-A3BF-482F-850B-0EB9C461C59F}.Release|Any CPU.ActiveCfg = Release|Any CPU
		{A754A763-A3BF-482F-850B-0EB9C461C59F}.Release|Any CPU.Build.0 = Release|Any CPU
		{A754A763-A3BF-482F-850B-0EB9C461C59F}.Release|x64.ActiveCfg = Release|Any CPU
		{A754A763-A3BF-482F-850B-0EB9C461C59F}.Release|x64.Build.0 = Release|Any CPU
		{A754A763-A3BF-482F-850B-0EB9C461C59F}.Release|x86.ActiveCfg = Release|Any CPU
		{A754A763-A3BF-482F-850B-0EB9C461C59F}.Release|x86.Build.0 = Release|Any CPU
		{E00BE548-7E72-4663-9251-99C1AE3B21C7}.Debug|Any CPU.ActiveCfg = Debug|Any CPU
		{E00BE548-7E72-4663-9251-99C1AE3B21C7}.Debug|Any CPU.Build.0 = Debug|Any CPU
		{E00BE548-7E72-4663-9251-99C1AE3B21C7}.Debug|x64.ActiveCfg = Debug|Any CPU
		{E00BE548-7E72-4663-9251-99C1AE3B21C7}.Debug|x64.Build.0 = Debug|Any CPU
		{E00BE548-7E72-4663-9251-99C1AE3B21C7}.Debug|x86.ActiveCfg = Debug|Any CPU
		{E00BE548-7E72-4663-9251-99C1AE3B21C7}.Debug|x86.Build.0 = Debug|Any CPU
		{E00BE548-7E72-4663-9251-99C1AE3B21C7}.Release|Any CPU.ActiveCfg = Release|Any CPU
		{E00BE548-7E72-4663-9251-99C1AE3B21C7}.Release|Any CPU.Build.0 = Release|Any CPU
		{E00BE548-7E72-4663-9251-99C1AE3B21C7}.Release|x64.ActiveCfg = Release|Any CPU
		{E00BE548-7E72-4663-9251-99C1AE3B21C7}.Release|x64.Build.0 = Release|Any CPU
		{E00BE548-7E72-4663-9251-99C1AE3B21C7}.Release|x86.ActiveCfg = Release|Any CPU
		{E00BE548-7E72-4663-9251-99C1AE3B21C7}.Release|x86.Build.0 = Release|Any CPU
		{1E96B95F-A316-40ED-AE75-CB0D05C434EC}.Debug|Any CPU.ActiveCfg = Debug|Any CPU
		{1E96B95F-A316-40ED-AE75-CB0D05C434EC}.Debug|Any CPU.Build.0 = Debug|Any CPU
		{1E96B95F-A316-40ED-AE75-CB0D05C434EC}.Debug|x64.ActiveCfg = Debug|Any CPU
		{1E96B95F-A316-40ED-AE75-CB0D05C434EC}.Debug|x64.Build.0 = Debug|Any CPU
		{1E96B95F-A316-40ED-AE75-CB0D05C434EC}.Debug|x86.ActiveCfg = Debug|Any CPU
		{1E96B95F-A316-40ED-AE75-CB0D05C434EC}.Debug|x86.Build.0 = Debug|Any CPU
		{1E96B95F-A316-40ED-AE75-CB0D05C434EC}.Release|Any CPU.ActiveCfg = Release|Any CPU
		{1E96B95F-A316-40ED-AE75-CB0D05C434EC}.Release|Any CPU.Build.0 = Release|Any CPU
		{1E96B95F-A316-40ED-AE75-CB0D05C434EC}.Release|x64.ActiveCfg = Release|Any CPU
		{1E96B95F-A316-40ED-AE75-CB0D05C434EC}.Release|x64.Build.0 = Release|Any CPU
		{1E96B95F-A316-40ED-AE75-CB0D05C434EC}.Release|x86.ActiveCfg = Release|Any CPU
		{1E96B95F-A316-40ED-AE75-CB0D05C434EC}.Release|x86.Build.0 = Release|Any CPU
		{0F6826BC-F4A5-4E41-B2FF-FD74188EBA7A}.Debug|Any CPU.ActiveCfg = Debug|Any CPU
		{0F6826BC-F4A5-4E41-B2FF-FD74188EBA7A}.Debug|Any CPU.Build.0 = Debug|Any CPU
		{0F6826BC-F4A5-4E41-B2FF-FD74188EBA7A}.Debug|x64.ActiveCfg = Debug|Any CPU
		{0F6826BC-F4A5-4E41-B2FF-FD74188EBA7A}.Debug|x64.Build.0 = Debug|Any CPU
		{0F6826BC-F4A5-4E41-B2FF-FD74188EBA7A}.Debug|x86.ActiveCfg = Debug|Any CPU
		{0F6826BC-F4A5-4E41-B2FF-FD74188EBA7A}.Debug|x86.Build.0 = Debug|Any CPU
		{0F6826BC-F4A5-4E41-B2FF-FD74188EBA7A}.Release|Any CPU.ActiveCfg = Release|Any CPU
		{0F6826BC-F4A5-4E41-B2FF-FD74188EBA7A}.Release|Any CPU.Build.0 = Release|Any CPU
		{0F6826BC-F4A5-4E41-B2FF-FD74188EBA7A}.Release|x64.ActiveCfg = Release|Any CPU
		{0F6826BC-F4A5-4E41-B2FF-FD74188EBA7A}.Release|x64.Build.0 = Release|Any CPU
		{0F6826BC-F4A5-4E41-B2FF-FD74188EBA7A}.Release|x86.ActiveCfg = Release|Any CPU
		{0F6826BC-F4A5-4E41-B2FF-FD74188EBA7A}.Release|x86.Build.0 = Release|Any CPU
		{33C2CA24-6AF3-43D0-892C-CF2F06142E3C}.Debug|Any CPU.ActiveCfg = Debug|Any CPU
		{33C2CA24-6AF3-43D0-892C-CF2F06142E3C}.Debug|Any CPU.Build.0 = Debug|Any CPU
		{33C2CA24-6AF3-43D0-892C-CF2F06142E3C}.Debug|x64.ActiveCfg = Debug|Any CPU
		{33C2CA24-6AF3-43D0-892C-CF2F06142E3C}.Debug|x64.Build.0 = Debug|Any CPU
		{33C2CA24-6AF3-43D0-892C-CF2F06142E3C}.Debug|x86.ActiveCfg = Debug|Any CPU
		{33C2CA24-6AF3-43D0-892C-CF2F06142E3C}.Debug|x86.Build.0 = Debug|Any CPU
		{33C2CA24-6AF3-43D0-892C-CF2F06142E3C}.Release|Any CPU.ActiveCfg = Release|Any CPU
		{33C2CA24-6AF3-43D0-892C-CF2F06142E3C}.Release|Any CPU.Build.0 = Release|Any CPU
		{33C2CA24-6AF3-43D0-892C-CF2F06142E3C}.Release|x64.ActiveCfg = Release|Any CPU
		{33C2CA24-6AF3-43D0-892C-CF2F06142E3C}.Release|x64.Build.0 = Release|Any CPU
		{33C2CA24-6AF3-43D0-892C-CF2F06142E3C}.Release|x86.ActiveCfg = Release|Any CPU
		{33C2CA24-6AF3-43D0-892C-CF2F06142E3C}.Release|x86.Build.0 = Release|Any CPU
		{35A3297B-866B-4740-A001-A85D58F383AE}.Debug|Any CPU.ActiveCfg = Debug|Any CPU
		{35A3297B-866B-4740-A001-A85D58F383AE}.Debug|Any CPU.Build.0 = Debug|Any CPU
		{35A3297B-866B-4740-A001-A85D58F383AE}.Debug|x64.ActiveCfg = Debug|Any CPU
		{35A3297B-866B-4740-A001-A85D58F383AE}.Debug|x64.Build.0 = Debug|Any CPU
		{35A3297B-866B-4740-A001-A85D58F383AE}.Debug|x86.ActiveCfg = Debug|Any CPU
		{35A3297B-866B-4740-A001-A85D58F383AE}.Debug|x86.Build.0 = Debug|Any CPU
		{35A3297B-866B-4740-A001-A85D58F383AE}.Release|Any CPU.ActiveCfg = Release|Any CPU
		{35A3297B-866B-4740-A001-A85D58F383AE}.Release|Any CPU.Build.0 = Release|Any CPU
		{35A3297B-866B-4740-A001-A85D58F383AE}.Release|x64.ActiveCfg = Release|Any CPU
		{35A3297B-866B-4740-A001-A85D58F383AE}.Release|x64.Build.0 = Release|Any CPU
		{35A3297B-866B-4740-A001-A85D58F383AE}.Release|x86.ActiveCfg = Release|Any CPU
		{35A3297B-866B-4740-A001-A85D58F383AE}.Release|x86.Build.0 = Release|Any CPU
		{4114DC97-15D8-4F22-A8DD-7AD53545B179}.Debug|Any CPU.ActiveCfg = Debug|Any CPU
		{4114DC97-15D8-4F22-A8DD-7AD53545B179}.Debug|Any CPU.Build.0 = Debug|Any CPU
		{4114DC97-15D8-4F22-A8DD-7AD53545B179}.Debug|x64.ActiveCfg = Debug|Any CPU
		{4114DC97-15D8-4F22-A8DD-7AD53545B179}.Debug|x64.Build.0 = Debug|Any CPU
		{4114DC97-15D8-4F22-A8DD-7AD53545B179}.Debug|x86.ActiveCfg = Debug|Any CPU
		{4114DC97-15D8-4F22-A8DD-7AD53545B179}.Debug|x86.Build.0 = Debug|Any CPU
		{4114DC97-15D8-4F22-A8DD-7AD53545B179}.Release|Any CPU.ActiveCfg = Release|Any CPU
		{4114DC97-15D8-4F22-A8DD-7AD53545B179}.Release|Any CPU.Build.0 = Release|Any CPU
		{4114DC97-15D8-4F22-A8DD-7AD53545B179}.Release|x64.ActiveCfg = Release|Any CPU
		{4114DC97-15D8-4F22-A8DD-7AD53545B179}.Release|x64.Build.0 = Release|Any CPU
		{4114DC97-15D8-4F22-A8DD-7AD53545B179}.Release|x86.ActiveCfg = Release|Any CPU
		{4114DC97-15D8-4F22-A8DD-7AD53545B179}.Release|x86.Build.0 = Release|Any CPU
		{40F78F6F-6E30-4534-89F7-EB3CA5B4C65C}.Debug|Any CPU.ActiveCfg = Debug|Any CPU
		{40F78F6F-6E30-4534-89F7-EB3CA5B4C65C}.Debug|Any CPU.Build.0 = Debug|Any CPU
		{40F78F6F-6E30-4534-89F7-EB3CA5B4C65C}.Debug|x64.ActiveCfg = Debug|Any CPU
		{40F78F6F-6E30-4534-89F7-EB3CA5B4C65C}.Debug|x64.Build.0 = Debug|Any CPU
		{40F78F6F-6E30-4534-89F7-EB3CA5B4C65C}.Debug|x86.ActiveCfg = Debug|Any CPU
		{40F78F6F-6E30-4534-89F7-EB3CA5B4C65C}.Debug|x86.Build.0 = Debug|Any CPU
		{40F78F6F-6E30-4534-89F7-EB3CA5B4C65C}.Release|Any CPU.ActiveCfg = Release|Any CPU
		{40F78F6F-6E30-4534-89F7-EB3CA5B4C65C}.Release|Any CPU.Build.0 = Release|Any CPU
		{40F78F6F-6E30-4534-89F7-EB3CA5B4C65C}.Release|x64.ActiveCfg = Release|Any CPU
		{40F78F6F-6E30-4534-89F7-EB3CA5B4C65C}.Release|x64.Build.0 = Release|Any CPU
		{40F78F6F-6E30-4534-89F7-EB3CA5B4C65C}.Release|x86.ActiveCfg = Release|Any CPU
		{40F78F6F-6E30-4534-89F7-EB3CA5B4C65C}.Release|x86.Build.0 = Release|Any CPU
		{2B9FA709-1A35-401C-A058-639530514649}.Debug|Any CPU.ActiveCfg = Debug|Any CPU
		{2B9FA709-1A35-401C-A058-639530514649}.Debug|Any CPU.Build.0 = Debug|Any CPU
		{2B9FA709-1A35-401C-A058-639530514649}.Debug|x64.ActiveCfg = Debug|Any CPU
		{2B9FA709-1A35-401C-A058-639530514649}.Debug|x64.Build.0 = Debug|Any CPU
		{2B9FA709-1A35-401C-A058-639530514649}.Debug|x86.ActiveCfg = Debug|Any CPU
		{2B9FA709-1A35-401C-A058-639530514649}.Debug|x86.Build.0 = Debug|Any CPU
		{2B9FA709-1A35-401C-A058-639530514649}.Release|Any CPU.ActiveCfg = Release|Any CPU
		{2B9FA709-1A35-401C-A058-639530514649}.Release|Any CPU.Build.0 = Release|Any CPU
		{2B9FA709-1A35-401C-A058-639530514649}.Release|x64.ActiveCfg = Release|Any CPU
		{2B9FA709-1A35-401C-A058-639530514649}.Release|x64.Build.0 = Release|Any CPU
		{2B9FA709-1A35-401C-A058-639530514649}.Release|x86.ActiveCfg = Release|Any CPU
		{2B9FA709-1A35-401C-A058-639530514649}.Release|x86.Build.0 = Release|Any CPU
		{934C448E-CA2F-4FC2-A483-1269612F6F38}.Debug|Any CPU.ActiveCfg = Debug|Any CPU
		{934C448E-CA2F-4FC2-A483-1269612F6F38}.Debug|Any CPU.Build.0 = Debug|Any CPU
		{934C448E-CA2F-4FC2-A483-1269612F6F38}.Debug|x64.ActiveCfg = Debug|Any CPU
		{934C448E-CA2F-4FC2-A483-1269612F6F38}.Debug|x64.Build.0 = Debug|Any CPU
		{934C448E-CA2F-4FC2-A483-1269612F6F38}.Debug|x86.ActiveCfg = Debug|Any CPU
		{934C448E-CA2F-4FC2-A483-1269612F6F38}.Debug|x86.Build.0 = Debug|Any CPU
		{934C448E-CA2F-4FC2-A483-1269612F6F38}.Release|Any CPU.ActiveCfg = Release|Any CPU
		{934C448E-CA2F-4FC2-A483-1269612F6F38}.Release|Any CPU.Build.0 = Release|Any CPU
		{934C448E-CA2F-4FC2-A483-1269612F6F38}.Release|x64.ActiveCfg = Release|Any CPU
		{934C448E-CA2F-4FC2-A483-1269612F6F38}.Release|x64.Build.0 = Release|Any CPU
		{934C448E-CA2F-4FC2-A483-1269612F6F38}.Release|x86.ActiveCfg = Release|Any CPU
		{934C448E-CA2F-4FC2-A483-1269612F6F38}.Release|x86.Build.0 = Release|Any CPU
		{A1C8AC41-BFD3-4F2B-9C65-2D22F4027D15}.Debug|Any CPU.ActiveCfg = Debug|Any CPU
		{A1C8AC41-BFD3-4F2B-9C65-2D22F4027D15}.Debug|Any CPU.Build.0 = Debug|Any CPU
		{A1C8AC41-BFD3-4F2B-9C65-2D22F4027D15}.Debug|x64.ActiveCfg = Debug|Any CPU
		{A1C8AC41-BFD3-4F2B-9C65-2D22F4027D15}.Debug|x64.Build.0 = Debug|Any CPU
		{A1C8AC41-BFD3-4F2B-9C65-2D22F4027D15}.Debug|x86.ActiveCfg = Debug|Any CPU
		{A1C8AC41-BFD3-4F2B-9C65-2D22F4027D15}.Debug|x86.Build.0 = Debug|Any CPU
		{A1C8AC41-BFD3-4F2B-9C65-2D22F4027D15}.Release|Any CPU.ActiveCfg = Release|Any CPU
		{A1C8AC41-BFD3-4F2B-9C65-2D22F4027D15}.Release|Any CPU.Build.0 = Release|Any CPU
		{A1C8AC41-BFD3-4F2B-9C65-2D22F4027D15}.Release|x64.ActiveCfg = Release|Any CPU
		{A1C8AC41-BFD3-4F2B-9C65-2D22F4027D15}.Release|x64.Build.0 = Release|Any CPU
		{A1C8AC41-BFD3-4F2B-9C65-2D22F4027D15}.Release|x86.ActiveCfg = Release|Any CPU
		{A1C8AC41-BFD3-4F2B-9C65-2D22F4027D15}.Release|x86.Build.0 = Release|Any CPU
		{501E5B1D-945F-4A4E-9450-2693E52F63C4}.Debug|Any CPU.ActiveCfg = Debug|Any CPU
		{501E5B1D-945F-4A4E-9450-2693E52F63C4}.Debug|Any CPU.Build.0 = Debug|Any CPU
		{501E5B1D-945F-4A4E-9450-2693E52F63C4}.Debug|x64.ActiveCfg = Debug|Any CPU
		{501E5B1D-945F-4A4E-9450-2693E52F63C4}.Debug|x64.Build.0 = Debug|Any CPU
		{501E5B1D-945F-4A4E-9450-2693E52F63C4}.Debug|x86.ActiveCfg = Debug|Any CPU
		{501E5B1D-945F-4A4E-9450-2693E52F63C4}.Debug|x86.Build.0 = Debug|Any CPU
		{501E5B1D-945F-4A4E-9450-2693E52F63C4}.Release|Any CPU.ActiveCfg = Release|Any CPU
		{501E5B1D-945F-4A4E-9450-2693E52F63C4}.Release|Any CPU.Build.0 = Release|Any CPU
		{501E5B1D-945F-4A4E-9450-2693E52F63C4}.Release|x64.ActiveCfg = Release|Any CPU
		{501E5B1D-945F-4A4E-9450-2693E52F63C4}.Release|x64.Build.0 = Release|Any CPU
		{501E5B1D-945F-4A4E-9450-2693E52F63C4}.Release|x86.ActiveCfg = Release|Any CPU
		{501E5B1D-945F-4A4E-9450-2693E52F63C4}.Release|x86.Build.0 = Release|Any CPU
		{47011C86-E9BA-4C82-B707-3A65C544B67B}.Debug|Any CPU.ActiveCfg = Debug|Any CPU
		{47011C86-E9BA-4C82-B707-3A65C544B67B}.Debug|Any CPU.Build.0 = Debug|Any CPU
		{47011C86-E9BA-4C82-B707-3A65C544B67B}.Debug|x64.ActiveCfg = Debug|Any CPU
		{47011C86-E9BA-4C82-B707-3A65C544B67B}.Debug|x64.Build.0 = Debug|Any CPU
		{47011C86-E9BA-4C82-B707-3A65C544B67B}.Debug|x86.ActiveCfg = Debug|Any CPU
		{47011C86-E9BA-4C82-B707-3A65C544B67B}.Debug|x86.Build.0 = Debug|Any CPU
		{47011C86-E9BA-4C82-B707-3A65C544B67B}.Release|Any CPU.ActiveCfg = Release|Any CPU
		{47011C86-E9BA-4C82-B707-3A65C544B67B}.Release|Any CPU.Build.0 = Release|Any CPU
		{47011C86-E9BA-4C82-B707-3A65C544B67B}.Release|x64.ActiveCfg = Release|Any CPU
		{47011C86-E9BA-4C82-B707-3A65C544B67B}.Release|x64.Build.0 = Release|Any CPU
		{47011C86-E9BA-4C82-B707-3A65C544B67B}.Release|x86.ActiveCfg = Release|Any CPU
		{47011C86-E9BA-4C82-B707-3A65C544B67B}.Release|x86.Build.0 = Release|Any CPU
		{DDC50947-D1A2-4D79-BDDE-1C0D2A7F8682}.Debug|Any CPU.ActiveCfg = Debug|Any CPU
		{DDC50947-D1A2-4D79-BDDE-1C0D2A7F8682}.Debug|Any CPU.Build.0 = Debug|Any CPU
		{DDC50947-D1A2-4D79-BDDE-1C0D2A7F8682}.Debug|x64.ActiveCfg = Debug|Any CPU
		{DDC50947-D1A2-4D79-BDDE-1C0D2A7F8682}.Debug|x64.Build.0 = Debug|Any CPU
		{DDC50947-D1A2-4D79-BDDE-1C0D2A7F8682}.Debug|x86.ActiveCfg = Debug|Any CPU
		{DDC50947-D1A2-4D79-BDDE-1C0D2A7F8682}.Debug|x86.Build.0 = Debug|Any CPU
		{DDC50947-D1A2-4D79-BDDE-1C0D2A7F8682}.Release|Any CPU.ActiveCfg = Release|Any CPU
		{DDC50947-D1A2-4D79-BDDE-1C0D2A7F8682}.Release|Any CPU.Build.0 = Release|Any CPU
		{DDC50947-D1A2-4D79-BDDE-1C0D2A7F8682}.Release|x64.ActiveCfg = Release|Any CPU
		{DDC50947-D1A2-4D79-BDDE-1C0D2A7F8682}.Release|x64.Build.0 = Release|Any CPU
		{DDC50947-D1A2-4D79-BDDE-1C0D2A7F8682}.Release|x86.ActiveCfg = Release|Any CPU
		{DDC50947-D1A2-4D79-BDDE-1C0D2A7F8682}.Release|x86.Build.0 = Release|Any CPU
		{D8FBCEAD-A545-4400-85D8-142BEA25B27A}.Debug|Any CPU.ActiveCfg = Debug|Any CPU
		{D8FBCEAD-A545-4400-85D8-142BEA25B27A}.Debug|Any CPU.Build.0 = Debug|Any CPU
		{D8FBCEAD-A545-4400-85D8-142BEA25B27A}.Debug|x64.ActiveCfg = Debug|Any CPU
		{D8FBCEAD-A545-4400-85D8-142BEA25B27A}.Debug|x64.Build.0 = Debug|Any CPU
		{D8FBCEAD-A545-4400-85D8-142BEA25B27A}.Debug|x86.ActiveCfg = Debug|Any CPU
		{D8FBCEAD-A545-4400-85D8-142BEA25B27A}.Debug|x86.Build.0 = Debug|Any CPU
		{D8FBCEAD-A545-4400-85D8-142BEA25B27A}.Release|Any CPU.ActiveCfg = Release|Any CPU
		{D8FBCEAD-A545-4400-85D8-142BEA25B27A}.Release|Any CPU.Build.0 = Release|Any CPU
		{D8FBCEAD-A545-4400-85D8-142BEA25B27A}.Release|x64.ActiveCfg = Release|Any CPU
		{D8FBCEAD-A545-4400-85D8-142BEA25B27A}.Release|x64.Build.0 = Release|Any CPU
		{D8FBCEAD-A545-4400-85D8-142BEA25B27A}.Release|x86.ActiveCfg = Release|Any CPU
		{D8FBCEAD-A545-4400-85D8-142BEA25B27A}.Release|x86.Build.0 = Release|Any CPU
		{5F1C159C-F73B-4D31-961E-F6C854BC027E}.Debug|Any CPU.ActiveCfg = Debug|Any CPU
		{5F1C159C-F73B-4D31-961E-F6C854BC027E}.Debug|Any CPU.Build.0 = Debug|Any CPU
		{5F1C159C-F73B-4D31-961E-F6C854BC027E}.Debug|x64.ActiveCfg = Debug|Any CPU
		{5F1C159C-F73B-4D31-961E-F6C854BC027E}.Debug|x64.Build.0 = Debug|Any CPU
		{5F1C159C-F73B-4D31-961E-F6C854BC027E}.Debug|x86.ActiveCfg = Debug|Any CPU
		{5F1C159C-F73B-4D31-961E-F6C854BC027E}.Debug|x86.Build.0 = Debug|Any CPU
		{5F1C159C-F73B-4D31-961E-F6C854BC027E}.Release|Any CPU.ActiveCfg = Release|Any CPU
		{5F1C159C-F73B-4D31-961E-F6C854BC027E}.Release|Any CPU.Build.0 = Release|Any CPU
		{5F1C159C-F73B-4D31-961E-F6C854BC027E}.Release|x64.ActiveCfg = Release|Any CPU
		{5F1C159C-F73B-4D31-961E-F6C854BC027E}.Release|x64.Build.0 = Release|Any CPU
		{5F1C159C-F73B-4D31-961E-F6C854BC027E}.Release|x86.ActiveCfg = Release|Any CPU
		{5F1C159C-F73B-4D31-961E-F6C854BC027E}.Release|x86.Build.0 = Release|Any CPU
		{1FFD95B2-E559-43E1-8384-FDA18CF008A3}.Debug|Any CPU.ActiveCfg = Debug|Any CPU
		{1FFD95B2-E559-43E1-8384-FDA18CF008A3}.Debug|Any CPU.Build.0 = Debug|Any CPU
		{1FFD95B2-E559-43E1-8384-FDA18CF008A3}.Debug|x64.ActiveCfg = Debug|Any CPU
		{1FFD95B2-E559-43E1-8384-FDA18CF008A3}.Debug|x64.Build.0 = Debug|Any CPU
		{1FFD95B2-E559-43E1-8384-FDA18CF008A3}.Debug|x86.ActiveCfg = Debug|Any CPU
		{1FFD95B2-E559-43E1-8384-FDA18CF008A3}.Debug|x86.Build.0 = Debug|Any CPU
		{1FFD95B2-E559-43E1-8384-FDA18CF008A3}.Release|Any CPU.ActiveCfg = Release|Any CPU
		{1FFD95B2-E559-43E1-8384-FDA18CF008A3}.Release|Any CPU.Build.0 = Release|Any CPU
		{1FFD95B2-E559-43E1-8384-FDA18CF008A3}.Release|x64.ActiveCfg = Release|Any CPU
		{1FFD95B2-E559-43E1-8384-FDA18CF008A3}.Release|x64.Build.0 = Release|Any CPU
		{1FFD95B2-E559-43E1-8384-FDA18CF008A3}.Release|x86.ActiveCfg = Release|Any CPU
		{1FFD95B2-E559-43E1-8384-FDA18CF008A3}.Release|x86.Build.0 = Release|Any CPU
		{D60581EA-5B3E-43F6-B90C-612E6F3DC664}.Debug|Any CPU.ActiveCfg = Debug|Any CPU
		{D60581EA-5B3E-43F6-B90C-612E6F3DC664}.Debug|Any CPU.Build.0 = Debug|Any CPU
		{D60581EA-5B3E-43F6-B90C-612E6F3DC664}.Debug|x64.ActiveCfg = Debug|Any CPU
		{D60581EA-5B3E-43F6-B90C-612E6F3DC664}.Debug|x64.Build.0 = Debug|Any CPU
		{D60581EA-5B3E-43F6-B90C-612E6F3DC664}.Debug|x86.ActiveCfg = Debug|Any CPU
		{D60581EA-5B3E-43F6-B90C-612E6F3DC664}.Debug|x86.Build.0 = Debug|Any CPU
		{D60581EA-5B3E-43F6-B90C-612E6F3DC664}.Release|Any CPU.ActiveCfg = Release|Any CPU
		{D60581EA-5B3E-43F6-B90C-612E6F3DC664}.Release|Any CPU.Build.0 = Release|Any CPU
		{D60581EA-5B3E-43F6-B90C-612E6F3DC664}.Release|x64.ActiveCfg = Release|Any CPU
		{D60581EA-5B3E-43F6-B90C-612E6F3DC664}.Release|x64.Build.0 = Release|Any CPU
		{D60581EA-5B3E-43F6-B90C-612E6F3DC664}.Release|x86.ActiveCfg = Release|Any CPU
		{D60581EA-5B3E-43F6-B90C-612E6F3DC664}.Release|x86.Build.0 = Release|Any CPU
		{A582547A-71B0-4A32-9E5B-7E48DD9A46C1}.Debug|Any CPU.ActiveCfg = Debug|Any CPU
		{A582547A-71B0-4A32-9E5B-7E48DD9A46C1}.Debug|Any CPU.Build.0 = Debug|Any CPU
		{A582547A-71B0-4A32-9E5B-7E48DD9A46C1}.Debug|x64.ActiveCfg = Debug|Any CPU
		{A582547A-71B0-4A32-9E5B-7E48DD9A46C1}.Debug|x64.Build.0 = Debug|Any CPU
		{A582547A-71B0-4A32-9E5B-7E48DD9A46C1}.Debug|x86.ActiveCfg = Debug|Any CPU
		{A582547A-71B0-4A32-9E5B-7E48DD9A46C1}.Debug|x86.Build.0 = Debug|Any CPU
		{A582547A-71B0-4A32-9E5B-7E48DD9A46C1}.Release|Any CPU.ActiveCfg = Release|Any CPU
		{A582547A-71B0-4A32-9E5B-7E48DD9A46C1}.Release|Any CPU.Build.0 = Release|Any CPU
		{A582547A-71B0-4A32-9E5B-7E48DD9A46C1}.Release|x64.ActiveCfg = Release|Any CPU
		{A582547A-71B0-4A32-9E5B-7E48DD9A46C1}.Release|x64.Build.0 = Release|Any CPU
		{A582547A-71B0-4A32-9E5B-7E48DD9A46C1}.Release|x86.ActiveCfg = Release|Any CPU
		{A582547A-71B0-4A32-9E5B-7E48DD9A46C1}.Release|x86.Build.0 = Release|Any CPU
		{B6CBC379-7A60-4257-A12E-519627E4E12E}.Debug|Any CPU.ActiveCfg = Debug|Any CPU
		{B6CBC379-7A60-4257-A12E-519627E4E12E}.Debug|Any CPU.Build.0 = Debug|Any CPU
		{B6CBC379-7A60-4257-A12E-519627E4E12E}.Debug|x64.ActiveCfg = Debug|Any CPU
		{B6CBC379-7A60-4257-A12E-519627E4E12E}.Debug|x64.Build.0 = Debug|Any CPU
		{B6CBC379-7A60-4257-A12E-519627E4E12E}.Debug|x86.ActiveCfg = Debug|Any CPU
		{B6CBC379-7A60-4257-A12E-519627E4E12E}.Debug|x86.Build.0 = Debug|Any CPU
		{B6CBC379-7A60-4257-A12E-519627E4E12E}.Release|Any CPU.ActiveCfg = Release|Any CPU
		{B6CBC379-7A60-4257-A12E-519627E4E12E}.Release|Any CPU.Build.0 = Release|Any CPU
		{B6CBC379-7A60-4257-A12E-519627E4E12E}.Release|x64.ActiveCfg = Release|Any CPU
		{B6CBC379-7A60-4257-A12E-519627E4E12E}.Release|x64.Build.0 = Release|Any CPU
		{B6CBC379-7A60-4257-A12E-519627E4E12E}.Release|x86.ActiveCfg = Release|Any CPU
		{B6CBC379-7A60-4257-A12E-519627E4E12E}.Release|x86.Build.0 = Release|Any CPU
		{958A2D28-70D0-4BB3-A0F6-66871F51C9E1}.Debug|Any CPU.ActiveCfg = Debug|Any CPU
		{958A2D28-70D0-4BB3-A0F6-66871F51C9E1}.Debug|Any CPU.Build.0 = Debug|Any CPU
		{958A2D28-70D0-4BB3-A0F6-66871F51C9E1}.Debug|x64.ActiveCfg = Debug|Any CPU
		{958A2D28-70D0-4BB3-A0F6-66871F51C9E1}.Debug|x64.Build.0 = Debug|Any CPU
		{958A2D28-70D0-4BB3-A0F6-66871F51C9E1}.Debug|x86.ActiveCfg = Debug|Any CPU
		{958A2D28-70D0-4BB3-A0F6-66871F51C9E1}.Debug|x86.Build.0 = Debug|Any CPU
		{958A2D28-70D0-4BB3-A0F6-66871F51C9E1}.Release|Any CPU.ActiveCfg = Release|Any CPU
		{958A2D28-70D0-4BB3-A0F6-66871F51C9E1}.Release|Any CPU.Build.0 = Release|Any CPU
		{958A2D28-70D0-4BB3-A0F6-66871F51C9E1}.Release|x64.ActiveCfg = Release|Any CPU
		{958A2D28-70D0-4BB3-A0F6-66871F51C9E1}.Release|x64.Build.0 = Release|Any CPU
		{958A2D28-70D0-4BB3-A0F6-66871F51C9E1}.Release|x86.ActiveCfg = Release|Any CPU
		{958A2D28-70D0-4BB3-A0F6-66871F51C9E1}.Release|x86.Build.0 = Release|Any CPU
		{7B35337C-6B12-4BD2-971C-67E28C52EC36}.Debug|Any CPU.ActiveCfg = Debug|Any CPU
		{7B35337C-6B12-4BD2-971C-67E28C52EC36}.Debug|Any CPU.Build.0 = Debug|Any CPU
		{7B35337C-6B12-4BD2-971C-67E28C52EC36}.Debug|x64.ActiveCfg = Debug|Any CPU
		{7B35337C-6B12-4BD2-971C-67E28C52EC36}.Debug|x64.Build.0 = Debug|Any CPU
		{7B35337C-6B12-4BD2-971C-67E28C52EC36}.Debug|x86.ActiveCfg = Debug|Any CPU
		{7B35337C-6B12-4BD2-971C-67E28C52EC36}.Debug|x86.Build.0 = Debug|Any CPU
		{7B35337C-6B12-4BD2-971C-67E28C52EC36}.Release|Any CPU.ActiveCfg = Release|Any CPU
		{7B35337C-6B12-4BD2-971C-67E28C52EC36}.Release|Any CPU.Build.0 = Release|Any CPU
		{7B35337C-6B12-4BD2-971C-67E28C52EC36}.Release|x64.ActiveCfg = Release|Any CPU
		{7B35337C-6B12-4BD2-971C-67E28C52EC36}.Release|x64.Build.0 = Release|Any CPU
		{7B35337C-6B12-4BD2-971C-67E28C52EC36}.Release|x86.ActiveCfg = Release|Any CPU
		{7B35337C-6B12-4BD2-971C-67E28C52EC36}.Release|x86.Build.0 = Release|Any CPU
		{CB67DD0B-B738-4141-BF5E-AB9CCAE64EC7}.Debug|Any CPU.ActiveCfg = Debug|Any CPU
		{CB67DD0B-B738-4141-BF5E-AB9CCAE64EC7}.Debug|Any CPU.Build.0 = Debug|Any CPU
		{CB67DD0B-B738-4141-BF5E-AB9CCAE64EC7}.Debug|x64.ActiveCfg = Debug|Any CPU
		{CB67DD0B-B738-4141-BF5E-AB9CCAE64EC7}.Debug|x64.Build.0 = Debug|Any CPU
		{CB67DD0B-B738-4141-BF5E-AB9CCAE64EC7}.Debug|x86.ActiveCfg = Debug|Any CPU
		{CB67DD0B-B738-4141-BF5E-AB9CCAE64EC7}.Debug|x86.Build.0 = Debug|Any CPU
		{CB67DD0B-B738-4141-BF5E-AB9CCAE64EC7}.Release|Any CPU.ActiveCfg = Release|Any CPU
		{CB67DD0B-B738-4141-BF5E-AB9CCAE64EC7}.Release|Any CPU.Build.0 = Release|Any CPU
		{CB67DD0B-B738-4141-BF5E-AB9CCAE64EC7}.Release|x64.ActiveCfg = Release|Any CPU
		{CB67DD0B-B738-4141-BF5E-AB9CCAE64EC7}.Release|x64.Build.0 = Release|Any CPU
		{CB67DD0B-B738-4141-BF5E-AB9CCAE64EC7}.Release|x86.ActiveCfg = Release|Any CPU
		{CB67DD0B-B738-4141-BF5E-AB9CCAE64EC7}.Release|x86.Build.0 = Release|Any CPU
		{38BBE7FE-3594-4D03-A3F8-A1106C763E83}.Debug|Any CPU.ActiveCfg = Debug|Any CPU
		{38BBE7FE-3594-4D03-A3F8-A1106C763E83}.Debug|Any CPU.Build.0 = Debug|Any CPU
		{38BBE7FE-3594-4D03-A3F8-A1106C763E83}.Debug|x64.ActiveCfg = Debug|Any CPU
		{38BBE7FE-3594-4D03-A3F8-A1106C763E83}.Debug|x64.Build.0 = Debug|Any CPU
		{38BBE7FE-3594-4D03-A3F8-A1106C763E83}.Debug|x86.ActiveCfg = Debug|Any CPU
		{38BBE7FE-3594-4D03-A3F8-A1106C763E83}.Debug|x86.Build.0 = Debug|Any CPU
		{38BBE7FE-3594-4D03-A3F8-A1106C763E83}.Release|Any CPU.ActiveCfg = Release|Any CPU
		{38BBE7FE-3594-4D03-A3F8-A1106C763E83}.Release|Any CPU.Build.0 = Release|Any CPU
		{38BBE7FE-3594-4D03-A3F8-A1106C763E83}.Release|x64.ActiveCfg = Release|Any CPU
		{38BBE7FE-3594-4D03-A3F8-A1106C763E83}.Release|x64.Build.0 = Release|Any CPU
		{38BBE7FE-3594-4D03-A3F8-A1106C763E83}.Release|x86.ActiveCfg = Release|Any CPU
		{38BBE7FE-3594-4D03-A3F8-A1106C763E83}.Release|x86.Build.0 = Release|Any CPU
	EndGlobalSection
	GlobalSection(SolutionProperties) = preSolution
		HideSolutionNode = FALSE
	EndGlobalSection
	GlobalSection(NestedProjects) = preSolution
		{8C40330C-BE57-435C-82DF-31094876F028} = {709AC57D-DEFA-B913-064A-13F733835983}
		{D60A4E4D-BD14-43DC-99F4-4824B30D23AA} = {709AC57D-DEFA-B913-064A-13F733835983}
		{F9448FE3-0C38-4796-B7A7-EAF95A20308C} = {709AC57D-DEFA-B913-064A-13F733835983}
		{824B761F-123D-4058-9977-09B6706F8ADF} = {24C5AA0B-7135-39FE-E75D-6D63B139311C}
		{36534552-7705-4686-8947-9BA1E9A7F8CC} = {907F5AE1-A108-D05D-E41B-3B2B488F9B14}
		{5EB58BA0-3C5A-42DD-91A1-E4E4A993414C} = {907F5AE1-A108-D05D-E41B-3B2B488F9B14}
		{A754A763-A3BF-482F-850B-0EB9C461C59F} = {907F5AE1-A108-D05D-E41B-3B2B488F9B14}
		{E00BE548-7E72-4663-9251-99C1AE3B21C7} = {907F5AE1-A108-D05D-E41B-3B2B488F9B14}
		{1E96B95F-A316-40ED-AE75-CB0D05C434EC} = {F7722A79-BACA-BB1E-AB3F-16D2F38AF372}
		{E0F6C02C-5448-9C73-6ACD-BE0BAFD3497B} = {1E23C32A-292B-C3EC-163F-C62B5BA4BF5C}
		{0F6826BC-F4A5-4E41-B2FF-FD74188EBA7A} = {E0F6C02C-5448-9C73-6ACD-BE0BAFD3497B}
		{33C2CA24-6AF3-43D0-892C-CF2F06142E3C} = {E0F6C02C-5448-9C73-6ACD-BE0BAFD3497B}
		{35A3297B-866B-4740-A001-A85D58F383AE} = {E0F6C02C-5448-9C73-6ACD-BE0BAFD3497B}
		{4114DC97-15D8-4F22-A8DD-7AD53545B179} = {E0F6C02C-5448-9C73-6ACD-BE0BAFD3497B}
		{C4B38077-0B8E-60A6-97F6-7DA0DA658335} = {1E23C32A-292B-C3EC-163F-C62B5BA4BF5C}
		{40F78F6F-6E30-4534-89F7-EB3CA5B4C65C} = {C4B38077-0B8E-60A6-97F6-7DA0DA658335}
		{2B9FA709-1A35-401C-A058-639530514649} = {C4B38077-0B8E-60A6-97F6-7DA0DA658335}
		{934C448E-CA2F-4FC2-A483-1269612F6F38} = {C4B38077-0B8E-60A6-97F6-7DA0DA658335}
		{F95E2390-AF4E-40A8-9D57-81DCB927E68D} = {1E23C32A-292B-C3EC-163F-C62B5BA4BF5C}
		{A1C8AC41-BFD3-4F2B-9C65-2D22F4027D15} = {F95E2390-AF4E-40A8-9D57-81DCB927E68D}
		{501E5B1D-945F-4A4E-9450-2693E52F63C4} = {F95E2390-AF4E-40A8-9D57-81DCB927E68D}
		{47011C86-E9BA-4C82-B707-3A65C544B67B} = {F95E2390-AF4E-40A8-9D57-81DCB927E68D}
		{DDC50947-D1A2-4D79-BDDE-1C0D2A7F8682} = {F95E2390-AF4E-40A8-9D57-81DCB927E68D}
		{D8FBCEAD-A545-4400-85D8-142BEA25B27A} = {F95E2390-AF4E-40A8-9D57-81DCB927E68D}
		{1467A162-2C18-FF5E-14B4-8E52258022FB} = {1E23C32A-292B-C3EC-163F-C62B5BA4BF5C}
		{5F1C159C-F73B-4D31-961E-F6C854BC027E} = {1467A162-2C18-FF5E-14B4-8E52258022FB}
		{1FFD95B2-E559-43E1-8384-FDA18CF008A3} = {1467A162-2C18-FF5E-14B4-8E52258022FB}
		{60A7D392-97FE-07FC-05D5-9AAB3270B66B} = {1E23C32A-292B-C3EC-163F-C62B5BA4BF5C}
		{D60581EA-5B3E-43F6-B90C-612E6F3DC664} = {60A7D392-97FE-07FC-05D5-9AAB3270B66B}
		{925D69CA-7C28-5BEB-2AD2-1B3D66FC610E} = {DCDED2B9-1E8E-33CD-9B42-992DD9664F1F}
		{A582547A-71B0-4A32-9E5B-7E48DD9A46C1} = {925D69CA-7C28-5BEB-2AD2-1B3D66FC610E}
		{9FEC3390-11E5-F3B3-5EA1-EA5681000061} = {DCDED2B9-1E8E-33CD-9B42-992DD9664F1F}
		{B6CBC379-7A60-4257-A12E-519627E4E12E} = {9FEC3390-11E5-F3B3-5EA1-EA5681000061}
		{958A2D28-70D0-4BB3-A0F6-66871F51C9E1} = {9FEC3390-11E5-F3B3-5EA1-EA5681000061}
		{7B35337C-6B12-4BD2-971C-67E28C52EC36} = {9FEC3390-11E5-F3B3-5EA1-EA5681000061}
		{36ED6B65-383A-8825-3B55-EE4AB27F330D} = {DCDED2B9-1E8E-33CD-9B42-992DD9664F1F}
		{CB67DD0B-B738-4141-BF5E-AB9CCAE64EC7} = {36ED6B65-383A-8825-3B55-EE4AB27F330D}
		{38BBE7FE-3594-4D03-A3F8-A1106C763E83} = {90574700-58F1-7448-78C6-E045A6126C9A}
	EndGlobalSection
EndGlobal
