lockfileVersion: '9.0'

settings:
  autoInstallPeers: true
  excludeLinksFromLockfile: false

pnpmfileChecksum: sha256-SXaseFj3Es/4O7zg5GlyhEhXd0fl2+MIlQy2kktSQ3Q=

importers:

  .:
    dependencies:
      '@radix-ui/react-slot':
        specifier: ^1.2.3
        version: 1.3.3(@types/react@19.2.18)(react@19.2.8)
      '@tanstack/react-query':
        specifier: ^5.0.0
        version: 5.102.8(react@19.2.8)
      class-variance-authority:
        specifier: ^0.7.1
        version: 0.7.1
      clsx:
        specifier: ^2.1.1
        version: 2.1.1
      framer-motion:
        specifier: ^12.23.12
        version: 12.43.0(react-dom@19.2.8(react@19.2.8))(react@19.2.8)
      lucide-react:
        specifier: ^0.468.0
        version: 0.468.0(react@19.2.8)
      next:
        specifier: ^15.5.0
        version: 15.5.24(@types/node@22.20.1)(react-dom@19.2.8(react@19.2.8))(react@19.2.8)
      next-themes:
        specifier: ^0.4.4
        version: 0.4.6(react-dom@19.2.8(react@19.2.8))(react@19.2.8)
      react:
        specifier: ^19.1.1
        version: 19.2.8
      react-dom:
        specifier: ^19.1.1
        version: 19.2.8(react@19.2.8)
      recharts:
        specifier: ^3.1.2
        version: 3.10.1(@types/react@19.2.18)(react-dom@19.2.8(react@19.2.8))(react-is@19.2.8)(react@19.2.8)(redux@5.0.1)
      tailwind-merge:
        specifier: ^3.3.1
        version: 3.6.0
    devDependencies:
      '@types/node':
        specifier: ^22.10.0
        version: 22.20.1
      '@types/react':
        specifier: ^19.0.0
        version: 19.2.18
      '@types/react-dom':
        specifier: ^19.0.0
        version: 19.2.5(@types/react@19.2.18)
      autoprefixer:
        specifier: ^10.4.20
        version: 10.5.4(postcss@8.5.26)
      postcss:
        specifier: 8.5.26
        version: 8.5.26
      tailwindcss:
        specifier: ^3.4.17
        version: 3.4.19
      typescript:
        specifier: ^5.7.2
        version: 5.9.3
